// !$*UTF8*$!
{
	archiveVersion = 1;
	classes = {
	};
	objectVersion = 46;
	objects = {

/* Begin PBXBuildFile section */
		D70007DB15505D1200934C6F /* ioapi.c in Sources */ = {isa = PBXBuildFile; fileRef = D70007D115505D1200934C6F /* ioapi.c */; };
		D70007DC15505D1200934C6F /* mztools.c in Sources */ = {isa = PBXBuildFile; fileRef = D70007D315505D1200934C6F /* mztools.c */; };
		D70007DD15505D1200934C6F /* unzip.c in Sources */ = {isa = PBXBuildFile; fileRef = D70007D515505D1200934C6F /* unzip.c */; };
		D70007DE15505D1200934C6F /* zip.c in Sources */ = {isa = PBXBuildFile; fileRef = D70007D715505D1200934C6F /* zip.c */; };
		D70007DF15505D1200934C6F /* ZipArchive.mm in Sources */ = {isa = PBXBuildFile; fileRef = D70007DA15505D1200934C6F /* ZipArchive.mm */; };
		D70007E21550AABE00934C6F /* NativeEarth.sqlite.zip in Resources */ = {isa = PBXBuildFile; fileRef = D70007E11550AABE00934C6F /* NativeEarth.sqlite.zip */; };
		D70007E41550ABAA00934C6F /* libz.1.2.3.dylib in Frameworks */ = {isa = PBXBuildFile; fileRef = D70007E31550ABA900934C6F /* libz.1.2.3.dylib */; };
		D7003C1613CDEEF000587CD0 /* TextFieldCell_iPhone.m in Sources */ = {isa = PBXBuildFile; fileRef = D7003C1513CDEEF000587CD0 /* TextFieldCell_iPhone.m */; };
		D7003C1913CDEF1800587CD0 /* TextFieldCell_iPhone.xib in Resources */ = {isa = PBXBuildFile; fileRef = D7003C1813CDEF1800587CD0 /* TextFieldCell_iPhone.xib */; };
		D71CA1C813F2F12C0016C3CB /* Model.m in Sources */ = {isa = PBXBuildFile; fileRef = D71CA1C713F2F12B0016C3CB /* Model.m */; };
		D72157CA13C2497A00AF9AD0 /* AboutViewController_iPhone.xib in Resources */ = {isa = PBXBuildFile; fileRef = D72157C813C2497A00AF9AD0 /* AboutViewController_iPhone.xib */; };
		D72157F613C264AE00AF9AD0 /* QuartzCore.framework in Frameworks */ = {isa = PBXBuildFile; fileRef = D72157F513C264AE00AF9AD0 /* QuartzCore.framework */; };
		D723152613C219B100DF3DF8 /* BrowseViewController_iPhone.xib in Resources */ = {isa = PBXBuildFile; fileRef = D723152413C219B100DF3DF8 /* BrowseViewController_iPhone.xib */; };
		D723152C13C221C500DF3DF8 /* BrowseViewController_iPhone.m in Sources */ = {isa = PBXBuildFile; fileRef = D723152A13C221C500DF3DF8 /* BrowseViewController_iPhone.m */; };
		D723153013C223E600DF3DF8 /* BrowseViewController_iPhone.xib in Resources */ = {isa = PBXBuildFile; fileRef = D723152E13C223E500DF3DF8 /* BrowseViewController_iPhone.xib */; };
		D723153D13C2379D00DF3DF8 /* BrowseViewController_iPhone.xib in Resources */ = {isa = PBXBuildFile; fileRef = D723153C13C2379D00DF3DF8 /* BrowseViewController_iPhone.xib */; };
		D7592E8713BBB2F700F1D28C /* LauncherViewController_iPhone.xib in Resources */ = {isa = PBXBuildFile; fileRef = D7592E8513BBB2F700F1D28C /* LauncherViewController_iPhone.xib */; };
		D7592EAF13BBC06A00F1D28C /* LocatorRootViewController_iPhone.m in Sources */ = {isa = PBXBuildFile; fileRef = D7592EAE13BBC06A00F1D28C /* LocatorRootViewController_iPhone.m */; };
		D760FC1514914B9600D7A281 /* icon_case.png in Resources */ = {isa = PBXBuildFile; fileRef = D760FC1414914B9300D7A281 /* icon_case.png */; };
		D760FC1714914BC100D7A281 /* icon_forum.png in Resources */ = {isa = PBXBuildFile; fileRef = D760FC1614914BC000D7A281 /* icon_forum.png */; };
		D76291751549E86700AB2612 /* Greeting.m in Sources */ = {isa = PBXBuildFile; fileRef = D76291741549E86600AB2612 /* Greeting.m */; };
		D77E0E1013BCC34300A738D8 /* LocationInfoViewController_iPhone.m in Sources */ = {isa = PBXBuildFile; fileRef = D77E0E0F13BCC34300A738D8 /* LocationInfoViewController_iPhone.m */; };
		D77E0E3313BCD38600A738D8 /* MapBrowserViewController_iPhone.m in Sources */ = {isa = PBXBuildFile; fileRef = D77E0E3113BCD38600A738D8 /* MapBrowserViewController_iPhone.m */; };
		D77E0E3413BCD38600A738D8 /* MapBrowserViewController_iPhone.xib in Resources */ = {isa = PBXBuildFile; fileRef = D77E0E3213BCD38600A738D8 /* MapBrowserViewController_iPhone.xib */; };
		D77FB60C13BBA8170088DA60 /* LauncherViewController_iPhone.m in Sources */ = {isa = PBXBuildFile; fileRef = D77FB60A13BBA8170088DA60 /* LauncherViewController_iPhone.m */; };
		D77FB61013BBA8660088DA60 /* LauncherViewController_iPhone.xib in Resources */ = {isa = PBXBuildFile; fileRef = D77FB60E13BBA8660088DA60 /* LauncherViewController_iPhone.xib */; };
		D783B42613BCBD4300A5C05F /* BaseTableViewController.m in Sources */ = {isa = PBXBuildFile; fileRef = D783B42513BCBD4200A5C05F /* BaseTableViewController.m */; };
		D784AB7715213654002FC873 /* LandsViewController_iPhone.m in Sources */ = {isa = PBXBuildFile; fileRef = D784AB7615213653002FC873 /* LandsViewController_iPhone.m */; };
		D785409B15676560002304DF /* EditAVisitViewController_iphone.xib in Resources */ = {isa = PBXBuildFile; fileRef = D785409A15676560002304DF /* EditAVisitViewController_iphone.xib */; };
		D786015D13C65D93007EA5B0 /* Spotlight.png in Resources */ = {isa = PBXBuildFile; fileRef = D786015C13C65D93007EA5B0 /* Spotlight.png */; };
		D78646781570871A00802690 /* Localizable.strings in Resources */ = {isa = PBXBuildFile; fileRef = D78646761570871A00802690 /* Localizable.strings */; };
		D789BF7513D0B58600C1C9E8 /* NetworkDataGetter.m in Sources */ = {isa = PBXBuildFile; fileRef = D789BF7413D0B58600C1C9E8 /* NetworkDataGetter.m */; };
		D78D045B13E046FB00C04A5E /* NationSelectViewController_iPhone.m in Sources */ = {isa = PBXBuildFile; fileRef = D78D045A13E046FB00C04A5E /* NationSelectViewController_iPhone.m */; };
		D78D04B013E1D72200C04A5E /* WSLand.m in Sources */ = {isa = PBXBuildFile; fileRef = D78D04AF13E1D72200C04A5E /* WSLand.m */; };
		D78D04B313E1D92200C04A5E /* WSGreeting.m in Sources */ = {isa = PBXBuildFile; fileRef = D78D04B213E1D92100C04A5E /* WSGreeting.m */; };
		D78DA274148C420F0022572A /* GreetingCell_iPhone.m in Sources */ = {isa = PBXBuildFile; fileRef = D78DA272148C420E0022572A /* GreetingCell_iPhone.m */; };
		D78DA275148C420F0022572A /* GreetingCell_iPhone.xib in Resources */ = {isa = PBXBuildFile; fileRef = D78DA273148C420E0022572A /* GreetingCell_iPhone.xib */; };
		D78DA298148C4B210022572A /* arrowForwardPlay.png in Resources */ = {isa = PBXBuildFile; fileRef = D78DA297148C4B210022572A /* arrowForwardPlay.png */; };
		D78E16DA1472CC9D00ED49E4 /* GreetingViewController_iPhone.m in Sources */ = {isa = PBXBuildFile; fileRef = D78E16D81472CC9C00ED49E4 /* GreetingViewController_iPhone.m */; };
		D7922ED814686135000D7344 /* turtle2.png in Resources */ = {isa = PBXBuildFile; fileRef = D7922ED714686135000D7344 /* turtle2.png */; };
		D7922EDA14686B0E000D7344 /* list.png in Resources */ = {isa = PBXBuildFile; fileRef = D7922ED914686B0E000D7344 /* list.png */; };
		D7922F02146B0429000D7344 /* ImageToDataTransformer.m in Sources */ = {isa = PBXBuildFile; fileRef = D7922F01146B0426000D7344 /* ImageToDataTransformer.m */; };
		D7972E26140BFFFC00454BE3 /* Geocoder.m in Sources */ = {isa = PBXBuildFile; fileRef = D7972E25140BFFFC00454BE3 /* Geocoder.m */; };
		D7972E29140C000700454BE3 /* NSString+URLEncoding.m in Sources */ = {isa = PBXBuildFile; fileRef = D7972E27140C000700454BE3 /* NSString+URLEncoding.m */; };
		D7972E4D140C15B000454BE3 /* GeopoliticalSearchViewController_iPhone.m in Sources */ = {isa = PBXBuildFile; fileRef = D7972E4B140C15AF00454BE3 /* GeopoliticalSearchViewController_iPhone.m */; };
		D7972E4E140C15B000454BE3 /* GeopoliticalSearchViewController_iPhone.xib in Resources */ = {isa = PBXBuildFile; fileRef = D7972E4C140C15B000454BE3 /* GeopoliticalSearchViewController_iPhone.xib */; };
		D797329B153339E7006834D8 /* MKMapView+ZoomLevel.m in Sources */ = {isa = PBXBuildFile; fileRef = D797329A153339E7006834D8 /* MKMapView+ZoomLevel.m */; };
		D7A4FFF3148E7CF30077C56C /* suitcase.png in Resources */ = {isa = PBXBuildFile; fileRef = D7A4FFF2148E7CF30077C56C /* suitcase.png */; };
		D7A621EB1485760D006E7BC3 /* ThumbImageView.m in Sources */ = {isa = PBXBuildFile; fileRef = D7A621EA1485760D006E7BC3 /* ThumbImageView.m */; };
		D7A621EE14857850006E7BC3 /* ScreenshotBrowser.m in Sources */ = {isa = PBXBuildFile; fileRef = D7A621ED1485784F006E7BC3 /* ScreenshotBrowser.m */; };
		D7A621F01485786F006E7BC3 /* ScreenshotBrowser.xib in Resources */ = {isa = PBXBuildFile; fileRef = D7A621EF1485786F006E7BC3 /* ScreenshotBrowser.xib */; };
		D7A621F414857BC7006E7BC3 /* UIImage+Resizing.m in Sources */ = {isa = PBXBuildFile; fileRef = D7A621F314857BC5006E7BC3 /* UIImage+Resizing.m */; };
		D7A621F714858FC9006E7BC3 /* TapDetectingImageView.m in Sources */ = {isa = PBXBuildFile; fileRef = D7A621F614858FC8006E7BC3 /* TapDetectingImageView.m */; };
		D7A84F4B13C4E7D00085E8C3 /* VisitPlannerRootViewController_iPhone.m in Sources */ = {isa = PBXBuildFile; fileRef = D7A84F4913C4E7D00085E8C3 /* VisitPlannerRootViewController_iPhone.m */; };
		D7A84F7213C4F04B0085E8C3 /* EditAVisitViewController_iPhone.m in Sources */ = {isa = PBXBuildFile; fileRef = D7A84F7013C4F04A0085E8C3 /* EditAVisitViewController_iPhone.m */; };
		D7BB0D7D13BB9A0C0062C2A9 /* UIKit.framework in Frameworks */ = {isa = PBXBuildFile; fileRef = D7BB0D7C13BB9A0C0062C2A9 /* UIKit.framework */; };
		D7BB0D7F13BB9A0C0062C2A9 /* Foundation.framework in Frameworks */ = {isa = PBXBuildFile; fileRef = D7BB0D7E13BB9A0C0062C2A9 /* Foundation.framework */; };
		D7BB0D8113BB9A0C0062C2A9 /* CoreGraphics.framework in Frameworks */ = {isa = PBXBuildFile; fileRef = D7BB0D8013BB9A0C0062C2A9 /* CoreGraphics.framework */; };
		D7BB0D8313BB9A0C0062C2A9 /* CoreData.framework in Frameworks */ = {isa = PBXBuildFile; fileRef = D7BB0D8213BB9A0C0062C2A9 /* CoreData.framework */; };
		D7BB0D8913BB9A0C0062C2A9 /* InfoPlist.strings in Resources */ = {isa = PBXBuildFile; fileRef = D7BB0D8713BB9A0C0062C2A9 /* InfoPlist.strings */; };
		D7BB0D8C13BB9A0C0062C2A9 /* main.m in Sources */ = {isa = PBXBuildFile; fileRef = D7BB0D8B13BB9A0C0062C2A9 /* main.m */; };
		D7BB0D8F13BB9A0C0062C2A9 /* NativeEarthAppDelegate.m in Sources */ = {isa = PBXBuildFile; fileRef = D7BB0D8E13BB9A0C0062C2A9 /* NativeEarthAppDelegate.m */; };
		D7BB0D9213BB9A0C0062C2A9 /* MainWindow.xib in Resources */ = {isa = PBXBuildFile; fileRef = D7BB0D9013BB9A0C0062C2A9 /* MainWindow.xib */; };
		D7BB0D9513BB9A0C0062C2A9 /* NativeEarth.xcdatamodeld in Sources */ = {isa = PBXBuildFile; fileRef = D7BB0D9313BB9A0C0062C2A9 /* NativeEarth.xcdatamodeld */; };
		D7BB0DBB13BB9CC30062C2A9 /* KMLParser.m in Sources */ = {isa = PBXBuildFile; fileRef = D7BB0DB113BB9CC30062C2A9 /* KMLParser.m */; };
		D7BB0DBC13BB9CC30062C2A9 /* LocationDetector.m in Sources */ = {isa = PBXBuildFile; fileRef = D7BB0DB313BB9CC30062C2A9 /* LocationDetector.m */; };
		D7BB0DBD13BB9CC30062C2A9 /* Reachability.m in Sources */ = {isa = PBXBuildFile; fileRef = D7BB0DB513BB9CC30062C2A9 /* Reachability.m */; };
		D7BB0DBE13BB9CC30062C2A9 /* ReverseGeocoder.m in Sources */ = {isa = PBXBuildFile; fileRef = D7BB0DB713BB9CC30062C2A9 /* ReverseGeocoder.m */; };
		D7BB0DCB13BB9CF40062C2A9 /* CalloutMapAnnotationView.m in Sources */ = {isa = PBXBuildFile; fileRef = D7BB0DC613BB9CF40062C2A9 /* CalloutMapAnnotationView.m */; };
		D7BB0DCC13BB9CF40062C2A9 /* DistrictCenterAnnotation.m in Sources */ = {isa = PBXBuildFile; fileRef = D7BB0DC813BB9CF40062C2A9 /* DistrictCenterAnnotation.m */; };
		D7BB0DCD13BB9CF40062C2A9 /* DistrictCenterAnnotationView.m in Sources */ = {isa = PBXBuildFile; fileRef = D7BB0DCA13BB9CF40062C2A9 /* DistrictCenterAnnotationView.m */; };
		D7BB0DCF13BB9D750062C2A9 /* MapKit.framework in Frameworks */ = {isa = PBXBuildFile; fileRef = D7BB0DCE13BB9D750062C2A9 /* MapKit.framework */; };
		D7BB0DD113BB9D830062C2A9 /* CoreLocation.framework in Frameworks */ = {isa = PBXBuildFile; fileRef = D7BB0DD013BB9D830062C2A9 /* CoreLocation.framework */; };
		D7BB0DD313BB9D910062C2A9 /* AVFoundation.framework in Frameworks */ = {isa = PBXBuildFile; fileRef = D7BB0DD213BB9D910062C2A9 /* AVFoundation.framework */; };
		D7BB0DD513BB9D990062C2A9 /* SystemConfiguration.framework in Frameworks */ = {isa = PBXBuildFile; fileRef = D7BB0DD413BB9D990062C2A9 /* SystemConfiguration.framework */; };
		D7BB0DE213BB9DEA0062C2A9 /* NSObject+SBJSON.m in Sources */ = {isa = PBXBuildFile; fileRef = D7BB0DD913BB9DEA0062C2A9 /* NSObject+SBJSON.m */; };
		D7BB0DE313BB9DEA0062C2A9 /* NSString+SBJSON.m in Sources */ = {isa = PBXBuildFile; fileRef = D7BB0DDB13BB9DEA0062C2A9 /* NSString+SBJSON.m */; };
		D7BB0DE413BB9DEA0062C2A9 /* SBJsonBase.m in Sources */ = {isa = PBXBuildFile; fileRef = D7BB0DDD13BB9DEA0062C2A9 /* SBJsonBase.m */; };
		D7BB0DE513BB9DEA0062C2A9 /* SBJsonParser.m in Sources */ = {isa = PBXBuildFile; fileRef = D7BB0DDF13BB9DEA0062C2A9 /* SBJsonParser.m */; };
		D7BB0DE613BB9DEA0062C2A9 /* SBJsonWriter.m in Sources */ = {isa = PBXBuildFile; fileRef = D7BB0DE113BB9DEA0062C2A9 /* SBJsonWriter.m */; };
		D7BB0DE913BB9F940062C2A9 /* InfoPlist.strings in Resources */ = {isa = PBXBuildFile; fileRef = D7BB0D8713BB9A0C0062C2A9 /* InfoPlist.strings */; };
		D7BB0DEB13BB9FA30062C2A9 /* MainWindow.xib in Resources */ = {isa = PBXBuildFile; fileRef = D7BB0D9013BB9A0C0062C2A9 /* MainWindow.xib */; };
		D7BB0DF513BBA1120062C2A9 /* NativeEarthAppDelegate_iPhone.m in Sources */ = {isa = PBXBuildFile; fileRef = D7BB0DF313BBA1120062C2A9 /* NativeEarthAppDelegate_iPhone.m */; };
		D7BB0DF813BBA22A0062C2A9 /* MainWindow_iPhone.xib in Resources */ = {isa = PBXBuildFile; fileRef = D7BB0DF613BBA22A0062C2A9 /* MainWindow_iPhone.xib */; };
		D7BB0DFA13BBA23E0062C2A9 /* MainWindow_iPhone.xib in Resources */ = {isa = PBXBuildFile; fileRef = D7BB0DF613BBA22A0062C2A9 /* MainWindow_iPhone.xib */; };
		D7BB0DFD13BBA3E40062C2A9 /* BaseViewController.m in Sources */ = {isa = PBXBuildFile; fileRef = D7BB0DFC13BBA3E40062C2A9 /* BaseViewController.m */; };
		D7BC54D013C7A21500542880 /* TextViewCell.m in Sources */ = {isa = PBXBuildFile; fileRef = D7BC54CF13C7A21500542880 /* TextViewCell.m */; };
		D7BC54D213C7A7E000542880 /* TextViewCell.xib in Resources */ = {isa = PBXBuildFile; fileRef = D7BC54D113C7A7E000542880 /* TextViewCell.xib */; };
		D7BF7F50156867F6007B6D30 /* Nation.m in Sources */ = {isa = PBXBuildFile; fileRef = D7BF7F4F156867F5007B6D30 /* Nation.m */; };
		D7C4B53E145F02280082F0FF /* ViewAVisitViewController_iPhone.m in Sources */ = {isa = PBXBuildFile; fileRef = D7C4B53D145F02260082F0FF /* ViewAVisitViewController_iPhone.m */; };
		D7D7AB9E1506B19800BD3EBD /* Map.m in Sources */ = {isa = PBXBuildFile; fileRef = D7D7AB9D1506B19800BD3EBD /* Map.m */; };
		D7D7ABA71506B19900BD3EBD /* Land.m in Sources */ = {isa = PBXBuildFile; fileRef = D7D7ABA61506B19900BD3EBD /* Land.m */; };
		D7D7ABAA1506B19900BD3EBD /* PlannedVisit.m in Sources */ = {isa = PBXBuildFile; fileRef = D7D7ABA91506B19900BD3EBD /* PlannedVisit.m */; };
		D7D7ABB61506B44500BD3EBD /* ShortNation.m in Sources */ = {isa = PBXBuildFile; fileRef = D7D7ABB51506B44500BD3EBD /* ShortNation.m */; };
		D7D7ABB91506C51800BD3EBD /* WSNation.m in Sources */ = {isa = PBXBuildFile; fileRef = D7D7ABB81506C51500BD3EBD /* WSNation.m */; };
		D7DA7B0513D72412009EEC0A /* DDAnnotation.m in Sources */ = {isa = PBXBuildFile; fileRef = D7DA7B0213D72412009EEC0A /* DDAnnotation.m */; };
		D7DA7B0E13D72442009EEC0A /* Pin.png in Resources */ = {isa = PBXBuildFile; fileRef = D7DA7B0813D72442009EEC0A /* Pin.png */; };
		D7DA7B0F13D72442009EEC0A /* PinDown1.png in Resources */ = {isa = PBXBuildFile; fileRef = D7DA7B0913D72442009EEC0A /* PinDown1.png */; };
		D7DA7B1013D72442009EEC0A /* PinDown2.png in Resources */ = {isa = PBXBuildFile; fileRef = D7DA7B0A13D72442009EEC0A /* PinDown2.png */; };
		D7DA7B1113D72442009EEC0A /* PinDown3.png in Resources */ = {isa = PBXBuildFile; fileRef = D7DA7B0B13D72442009EEC0A /* PinDown3.png */; };
		D7DA7B1213D72442009EEC0A /* PinFloating.png in Resources */ = {isa = PBXBuildFile; fileRef = D7DA7B0C13D72442009EEC0A /* PinFloating.png */; };
		D7DA7B1313D72442009EEC0A /* PinShadow.png in Resources */ = {isa = PBXBuildFile; fileRef = D7DA7B0D13D72442009EEC0A /* PinShadow.png */; };
		D7DA7B2F13D72ED1009EEC0A /* MapLookUpViewController_iPhone.m in Sources */ = {isa = PBXBuildFile; fileRef = D7DA7B2D13D72ECA009EEC0A /* MapLookUpViewController_iPhone.m */; };
		D7DA7B3013D72ED1009EEC0A /* MapLookUpViewController_iPhone.xib in Resources */ = {isa = PBXBuildFile; fileRef = D7DA7B2E13D72ECD009EEC0A /* MapLookUpViewController_iPhone.xib */; };
		D7DA7B4213D76070009EEC0A /* 72-pin.png in Resources */ = {isa = PBXBuildFile; fileRef = D7DA7B4113D76070009EEC0A /* 72-pin.png */; };
		D7DA7B4413D760DF009EEC0A /* 01-refresh.png in Resources */ = {isa = PBXBuildFile; fileRef = D7DA7B4313D760DF009EEC0A /* 01-refresh.png */; };
		D7DA7B4613D763B1009EEC0A /* 193-location-arrow.png in Resources */ = {isa = PBXBuildFile; fileRef = D7DA7B4513D763B1009EEC0A /* 193-location-arrow.png */; };
		D7DA7B4813D763F0009EEC0A /* 02-redo.png in Resources */ = {isa = PBXBuildFile; fileRef = D7DA7B4713D763F0009EEC0A /* 02-redo.png */; };
		D7DFB85D142A6E7600258875 /* Toast+UIView.m in Sources */ = {isa = PBXBuildFile; fileRef = D7DFB85C142A6E7600258875 /* Toast+UIView.m */; };
		D7E85FB513D4968900437CD7 /* 06-magnify.png in Resources */ = {isa = PBXBuildFile; fileRef = D7E85FAD13D4968800437CD7 /* 06-magnify.png */; };
		D7E85FB613D4968900437CD7 /* icon_list.png in Resources */ = {isa = PBXBuildFile; fileRef = D7E85FAE13D4968800437CD7 /* icon_list.png */; };
		D7E85FB713D4968900437CD7 /* icon_location.png in Resources */ = {isa = PBXBuildFile; fileRef = D7E85FAF13D4968800437CD7 /* icon_location.png */; };
		D7E85FB813D4968900437CD7 /* icon_magnify.png in Resources */ = {isa = PBXBuildFile; fileRef = D7E85FB013D4968800437CD7 /* icon_magnify.png */; };
		D7E85FB913D4968900437CD7 /* icon_play.png in Resources */ = {isa = PBXBuildFile; fileRef = D7E85FB113D4968800437CD7 /* icon_play.png */; };
		D7E85FBA13D4968900437CD7 /* icon_settings.png in Resources */ = {isa = PBXBuildFile; fileRef = D7E85FB213D4968800437CD7 /* icon_settings.png */; };
		D7E85FBB13D4968900437CD7 /* icon_settings2.png in Resources */ = {isa = PBXBuildFile; fileRef = D7E85FB313D4968800437CD7 /* icon_settings2.png */; };
		D7E85FBC13D4968900437CD7 /* magnify.png in Resources */ = {isa = PBXBuildFile; fileRef = D7E85FB413D4968900437CD7 /* magnify.png */; };
/* End PBXBuildFile section */

/* Begin PBXFileReference section */
		D70007BC154F25CA00934C6F /* NativeEarth 2.xcdatamodel */ = {isa = PBXFileReference; lastKnownFileType = wrapper.xcdatamodel; path = "NativeEarth 2.xcdatamodel"; sourceTree = "<group>"; };
		D70007D115505D1200934C6F /* ioapi.c */ = {isa = PBXFileReference; fileEncoding = 4; lastKnownFileType = sourcecode.c.c; path = ioapi.c; sourceTree = "<group>"; };
		D70007D215505D1200934C6F /* ioapi.h */ = {isa = PBXFileReference; fileEncoding = 4; lastKnownFileType = sourcecode.c.h; path = ioapi.h; sourceTree = "<group>"; };
		D70007D315505D1200934C6F /* mztools.c */ = {isa = PBXFileReference; fileEncoding = 4; lastKnownFileType = sourcecode.c.c; path = mztools.c; sourceTree = "<group>"; };
		D70007D415505D1200934C6F /* mztools.h */ = {isa = PBXFileReference; fileEncoding = 4; lastKnownFileType = sourcecode.c.h; path = mztools.h; sourceTree = "<group>"; };
		D70007D515505D1200934C6F /* unzip.c */ = {isa = PBXFileReference; fileEncoding = 4; lastKnownFileType = sourcecode.c.c; path = unzip.c; sourceTree = "<group>"; };
		D70007D615505D1200934C6F /* unzip.h */ = {isa = PBXFileReference; fileEncoding = 4; lastKnownFileType = sourcecode.c.h; path = unzip.h; sourceTree = "<group>"; };
		D70007D715505D1200934C6F /* zip.c */ = {isa = PBXFileReference; fileEncoding = 4; lastKnownFileType = sourcecode.c.c; path = zip.c; sourceTree = "<group>"; };
		D70007D815505D1200934C6F /* zip.h */ = {isa = PBXFileReference; fileEncoding = 4; lastKnownFileType = sourcecode.c.h; path = zip.h; sourceTree = "<group>"; };
		D70007D915505D1200934C6F /* ZipArchive.h */ = {isa = PBXFileReference; fileEncoding = 4; lastKnownFileType = sourcecode.c.h; path = ZipArchive.h; sourceTree = "<group>"; };
		D70007DA15505D1200934C6F /* ZipArchive.mm */ = {isa = PBXFileReference; fileEncoding = 4; lastKnownFileType = sourcecode.cpp.objcpp; path = ZipArchive.mm; sourceTree = "<group>"; };
		D70007E11550AABE00934C6F /* NativeEarth.sqlite.zip */ = {isa = PBXFileReference; lastKnownFileType = archive.zip; path = NativeEarth.sqlite.zip; sourceTree = "<group>"; };
		D70007E31550ABA900934C6F /* libz.1.2.3.dylib */ = {isa = PBXFileReference; lastKnownFileType = "compiled.mach-o.dylib"; name = libz.1.2.3.dylib; path = usr/lib/libz.1.2.3.dylib; sourceTree = SDKROOT; };
		D70007E6155302A400934C6F /* crypt.h */ = {isa = PBXFileReference; fileEncoding = 4; lastKnownFileType = sourcecode.c.h; path = crypt.h; sourceTree = "<group>"; };
		D7003C1413CDEEEF00587CD0 /* TextFieldCell_iPhone.h */ = {isa = PBXFileReference; fileEncoding = 4; lastKnownFileType = sourcecode.c.h; name = TextFieldCell_iPhone.h; path = iphone/Locator/TextFieldCell_iPhone.h; sourceTree = "<group>"; };
		D7003C1513CDEEF000587CD0 /* TextFieldCell_iPhone.m */ = {isa = PBXFileReference; fileEncoding = 4; lastKnownFileType = sourcecode.c.objc; lineEnding = 0; name = TextFieldCell_iPhone.m; path = iphone/Locator/TextFieldCell_iPhone.m; sourceTree = "<group>"; xcLanguageSpecificationIdentifier = xcode.lang.objc; };
		D7003C1813CDEF1800587CD0 /* TextFieldCell_iPhone.xib */ = {isa = PBXFileReference; fileEncoding = 4; lastKnownFileType = file.xib; name = TextFieldCell_iPhone.xib; path = iphone/Locator/TextFieldCell_iPhone.xib; sourceTree = "<group>"; };
		D71CA1C613F2F12A0016C3CB /* Model.h */ = {isa = PBXFileReference; fileEncoding = 4; lastKnownFileType = sourcecode.c.h; name = Model.h; path = ../Utilities/Model.h; sourceTree = "<group>"; };
		D71CA1C713F2F12B0016C3CB /* Model.m */ = {isa = PBXFileReference; fileEncoding = 4; lastKnownFileType = sourcecode.c.objc; name = Model.m; path = ../Utilities/Model.m; sourceTree = "<group>"; wrapsLines = 0; };
		D72157F513C264AE00AF9AD0 /* QuartzCore.framework */ = {isa = PBXFileReference; lastKnownFileType = wrapper.framework; name = QuartzCore.framework; path = System/Library/Frameworks/QuartzCore.framework; sourceTree = SDKROOT; };
		D723152913C221C500DF3DF8 /* BrowseViewController_iPhone.h */ = {isa = PBXFileReference; fileEncoding = 4; lastKnownFileType = sourcecode.c.h; lineEnding = 0; path = BrowseViewController_iPhone.h; sourceTree = "<group>"; xcLanguageSpecificationIdentifier = xcode.lang.objcpp; };
		D723152A13C221C500DF3DF8 /* BrowseViewController_iPhone.m */ = {isa = PBXFileReference; fileEncoding = 4; lastKnownFileType = sourcecode.c.objc; path = BrowseViewController_iPhone.m; sourceTree = "<group>"; };
		D723153C13C2379D00DF3DF8 /* BrowseViewController_iPhone.xib */ = {isa = PBXFileReference; fileEncoding = 4; lastKnownFileType = file.xib; path = BrowseViewController_iPhone.xib; sourceTree = "<group>"; };
		D7592E8613BBB2F700F1D28C /* en */ = {isa = PBXFileReference; lastKnownFileType = file.xib; name = en; path = en.lproj/LauncherViewController_iPhone.xib; sourceTree = "<group>"; };
		D7592E8813BBB31000F1D28C /* fr */ = {isa = PBXFileReference; lastKnownFileType = file.xib; name = fr; path = fr.lproj/LauncherViewController_iPhone.xib; sourceTree = "<group>"; };
		D7592EAD13BBC06A00F1D28C /* LocatorRootViewController_iPhone.h */ = {isa = PBXFileReference; fileEncoding = 4; lastKnownFileType = sourcecode.c.h; path = LocatorRootViewController_iPhone.h; sourceTree = "<group>"; };
		D7592EAE13BBC06A00F1D28C /* LocatorRootViewController_iPhone.m */ = {isa = PBXFileReference; fileEncoding = 4; lastKnownFileType = sourcecode.c.objc; path = LocatorRootViewController_iPhone.m; sourceTree = "<group>"; };
		D760FC1414914B9300D7A281 /* icon_case.png */ = {isa = PBXFileReference; lastKnownFileType = image.png; path = icon_case.png; sourceTree = "<group>"; };
		D760FC1614914BC000D7A281 /* icon_forum.png */ = {isa = PBXFileReference; lastKnownFileType = image.png; path = icon_forum.png; sourceTree = "<group>"; };
		D76291731549E86600AB2612 /* Greeting.h */ = {isa = PBXFileReference; fileEncoding = 4; lastKnownFileType = sourcecode.c.h; path = Greeting.h; sourceTree = "<group>"; };
		D76291741549E86600AB2612 /* Greeting.m */ = {isa = PBXFileReference; fileEncoding = 4; lastKnownFileType = sourcecode.c.objc; path = Greeting.m; sourceTree = "<group>"; };
		D77E0E0E13BCC34300A738D8 /* LocationInfoViewController_iPhone.h */ = {isa = PBXFileReference; fileEncoding = 4; lastKnownFileType = sourcecode.c.h; path = LocationInfoViewController_iPhone.h; sourceTree = "<group>"; };
		D77E0E0F13BCC34300A738D8 /* LocationInfoViewController_iPhone.m */ = {isa = PBXFileReference; fileEncoding = 4; lastKnownFileType = sourcecode.c.objc; lineEnding = 0; path = LocationInfoViewController_iPhone.m; sourceTree = "<group>"; xcLanguageSpecificationIdentifier = xcode.lang.objc; };
		D77E0E3013BCD38600A738D8 /* MapBrowserViewController_iPhone.h */ = {isa = PBXFileReference; fileEncoding = 4; lastKnownFileType = sourcecode.c.h; path = MapBrowserViewController_iPhone.h; sourceTree = "<group>"; };
		D77E0E3113BCD38600A738D8 /* MapBrowserViewController_iPhone.m */ = {isa = PBXFileReference; fileEncoding = 4; lastKnownFileType = sourcecode.c.objc; path = MapBrowserViewController_iPhone.m; sourceTree = "<group>"; };
		D77E0E3213BCD38600A738D8 /* MapBrowserViewController_iPhone.xib */ = {isa = PBXFileReference; fileEncoding = 4; lastKnownFileType = file.xib; path = MapBrowserViewController_iPhone.xib; sourceTree = "<group>"; };
		D77FB60913BBA8170088DA60 /* LauncherViewController_iPhone.h */ = {isa = PBXFileReference; fileEncoding = 4; lastKnownFileType = sourcecode.c.h; path = LauncherViewController_iPhone.h; sourceTree = "<group>"; };
		D77FB60A13BBA8170088DA60 /* LauncherViewController_iPhone.m */ = {isa = PBXFileReference; fileEncoding = 4; lastKnownFileType = sourcecode.c.objc; path = LauncherViewController_iPhone.m; sourceTree = "<group>"; };
		D783B42413BCBD4200A5C05F /* BaseTableViewController.h */ = {isa = PBXFileReference; fileEncoding = 4; lastKnownFileType = sourcecode.c.h; path = BaseTableViewController.h; sourceTree = "<group>"; };
		D783B42513BCBD4200A5C05F /* BaseTableViewController.m */ = {isa = PBXFileReference; fileEncoding = 4; lastKnownFileType = sourcecode.c.objc; path = BaseTableViewController.m; sourceTree = "<group>"; };
		D784AB7515213651002FC873 /* LandsViewController_iPhone.h */ = {isa = PBXFileReference; fileEncoding = 4; lastKnownFileType = sourcecode.c.h; path = LandsViewController_iPhone.h; sourceTree = "<group>"; };
		D784AB7615213653002FC873 /* LandsViewController_iPhone.m */ = {isa = PBXFileReference; fileEncoding = 4; lastKnownFileType = sourcecode.c.objc; path = LandsViewController_iPhone.m; sourceTree = "<group>"; };
		D785409A15676560002304DF /* EditAVisitViewController_iphone.xib */ = {isa = PBXFileReference; fileEncoding = 4; lastKnownFileType = file.xib; path = EditAVisitViewController_iphone.xib; sourceTree = "<group>"; };
		D786015C13C65D93007EA5B0 /* Spotlight.png */ = {isa = PBXFileReference; lastKnownFileType = image.png; path = Spotlight.png; sourceTree = "<group>"; };
		D78646771570871A00802690 /* en */ = {isa = PBXFileReference; lastKnownFileType = text.plist.strings; name = en; path = en.lproj/Localizable.strings; sourceTree = SOURCE_ROOT; };
		D78646791570871F00802690 /* fr */ = {isa = PBXFileReference; lastKnownFileType = text.plist.strings; name = fr; path = fr.lproj/Localizable.strings; sourceTree = "<group>"; };
		D789BF7313D0B58600C1C9E8 /* NetworkDataGetter.h */ = {isa = PBXFileReference; fileEncoding = 4; lastKnownFileType = sourcecode.c.h; path = NetworkDataGetter.h; sourceTree = "<group>"; };
		D789BF7413D0B58600C1C9E8 /* NetworkDataGetter.m */ = {isa = PBXFileReference; fileEncoding = 4; lastKnownFileType = sourcecode.c.objc; path = NetworkDataGetter.m; sourceTree = "<group>"; };
		D78D045913E046FA00C04A5E /* NationSelectViewController_iPhone.h */ = {isa = PBXFileReference; fileEncoding = 4; lastKnownFileType = sourcecode.c.h; path = NationSelectViewController_iPhone.h; sourceTree = "<group>"; };
		D78D045A13E046FB00C04A5E /* NationSelectViewController_iPhone.m */ = {isa = PBXFileReference; fileEncoding = 4; lastKnownFileType = sourcecode.c.objc; path = NationSelectViewController_iPhone.m; sourceTree = "<group>"; };
		D78D04AE13E1D72200C04A5E /* WSLand.h */ = {isa = PBXFileReference; fileEncoding = 4; lastKnownFileType = sourcecode.c.h; path = WSLand.h; sourceTree = "<group>"; };
		D78D04AF13E1D72200C04A5E /* WSLand.m */ = {isa = PBXFileReference; fileEncoding = 4; lastKnownFileType = sourcecode.c.objc; path = WSLand.m; sourceTree = "<group>"; };
		D78D04B113E1D92000C04A5E /* WSGreeting.h */ = {isa = PBXFileReference; fileEncoding = 4; lastKnownFileType = sourcecode.c.h; path = WSGreeting.h; sourceTree = "<group>"; };
		D78D04B213E1D92100C04A5E /* WSGreeting.m */ = {isa = PBXFileReference; fileEncoding = 4; lastKnownFileType = sourcecode.c.objc; path = WSGreeting.m; sourceTree = "<group>"; };
		D78D04B713E1F78400C04A5E /* Constants.h */ = {isa = PBXFileReference; fileEncoding = 4; lastKnownFileType = sourcecode.c.h; name = Constants.h; path = ../Constants.h; sourceTree = "<group>"; };
		D78DA271148C420E0022572A /* GreetingCell_iPhone.h */ = {isa = PBXFileReference; fileEncoding = 4; lastKnownFileType = sourcecode.c.h; name = GreetingCell_iPhone.h; path = iphone/Locator/GreetingCell_iPhone.h; sourceTree = "<group>"; };
		D78DA272148C420E0022572A /* GreetingCell_iPhone.m */ = {isa = PBXFileReference; fileEncoding = 4; lastKnownFileType = sourcecode.c.objc; lineEnding = 0; name = GreetingCell_iPhone.m; path = iphone/Locator/GreetingCell_iPhone.m; sourceTree = "<group>"; xcLanguageSpecificationIdentifier = xcode.lang.objc; };
		D78DA273148C420E0022572A /* GreetingCell_iPhone.xib */ = {isa = PBXFileReference; fileEncoding = 4; lastKnownFileType = file.xib; name = GreetingCell_iPhone.xib; path = iphone/Locator/GreetingCell_iPhone.xib; sourceTree = "<group>"; };
		D78DA297148C4B210022572A /* arrowForwardPlay.png */ = {isa = PBXFileReference; lastKnownFileType = image.png; path = arrowForwardPlay.png; sourceTree = "<group>"; };
		D78E16D71472CC9C00ED49E4 /* GreetingViewController_iPhone.h */ = {isa = PBXFileReference; fileEncoding = 4; lastKnownFileType = sourcecode.c.h; path = GreetingViewController_iPhone.h; sourceTree = "<group>"; };
		D78E16D81472CC9C00ED49E4 /* GreetingViewController_iPhone.m */ = {isa = PBXFileReference; fileEncoding = 4; lastKnownFileType = sourcecode.c.objc; path = GreetingViewController_iPhone.m; sourceTree = "<group>"; };
		D7922ED714686135000D7344 /* turtle2.png */ = {isa = PBXFileReference; lastKnownFileType = image.png; path = turtle2.png; sourceTree = SOURCE_ROOT; };
		D7922ED914686B0E000D7344 /* list.png */ = {isa = PBXFileReference; lastKnownFileType = image.png; path = list.png; sourceTree = SOURCE_ROOT; };
		D7922F00146B0424000D7344 /* ImageToDataTransformer.h */ = {isa = PBXFileReference; fileEncoding = 4; lastKnownFileType = sourcecode.c.h; path = ImageToDataTransformer.h; sourceTree = "<group>"; };
		D7922F01146B0426000D7344 /* ImageToDataTransformer.m */ = {isa = PBXFileReference; fileEncoding = 4; lastKnownFileType = sourcecode.c.objc; path = ImageToDataTransformer.m; sourceTree = "<group>"; };
		D7972E23140BFFF400454BE3 /* Geocoder.h */ = {isa = PBXFileReference; fileEncoding = 4; lastKnownFileType = sourcecode.c.h; path = Geocoder.h; sourceTree = "<group>"; };
		D7972E25140BFFFC00454BE3 /* Geocoder.m */ = {isa = PBXFileReference; fileEncoding = 4; lastKnownFileType = sourcecode.c.objc; path = Geocoder.m; sourceTree = "<group>"; };
		D7972E27140C000700454BE3 /* NSString+URLEncoding.m */ = {isa = PBXFileReference; fileEncoding = 4; lastKnownFileType = sourcecode.c.objc; path = "NSString+URLEncoding.m"; sourceTree = "<group>"; };
		D7972E28140C000700454BE3 /* NSString+URLEncoding.h */ = {isa = PBXFileReference; fileEncoding = 4; lastKnownFileType = sourcecode.c.h; path = "NSString+URLEncoding.h"; sourceTree = "<group>"; };
		D7972E4A140C15AF00454BE3 /* GeopoliticalSearchViewController_iPhone.h */ = {isa = PBXFileReference; fileEncoding = 4; lastKnownFileType = sourcecode.c.h; path = GeopoliticalSearchViewController_iPhone.h; sourceTree = "<group>"; };
		D7972E4B140C15AF00454BE3 /* GeopoliticalSearchViewController_iPhone.m */ = {isa = PBXFileReference; fileEncoding = 4; lastKnownFileType = sourcecode.c.objc; path = GeopoliticalSearchViewController_iPhone.m; sourceTree = "<group>"; };
		D7972E4C140C15B000454BE3 /* GeopoliticalSearchViewController_iPhone.xib */ = {isa = PBXFileReference; fileEncoding = 4; lastKnownFileType = file.xib; path = GeopoliticalSearchViewController_iPhone.xib; sourceTree = "<group>"; };
		D7973299153339E7006834D8 /* MKMapView+ZoomLevel.h */ = {isa = PBXFileReference; fileEncoding = 4; lastKnownFileType = sourcecode.c.h; path = "MKMapView+ZoomLevel.h"; sourceTree = "<group>"; };
		D797329A153339E7006834D8 /* MKMapView+ZoomLevel.m */ = {isa = PBXFileReference; fileEncoding = 4; lastKnownFileType = sourcecode.c.objc; path = "MKMapView+ZoomLevel.m"; sourceTree = "<group>"; };
		D7A4FFF2148E7CF30077C56C /* suitcase.png */ = {isa = PBXFileReference; lastKnownFileType = image.png; path = suitcase.png; sourceTree = "<group>"; };
		D7A621E91485760D006E7BC3 /* ThumbImageView.h */ = {isa = PBXFileReference; fileEncoding = 4; lastKnownFileType = sourcecode.c.h; path = ThumbImageView.h; sourceTree = "<group>"; };
		D7A621EA1485760D006E7BC3 /* ThumbImageView.m */ = {isa = PBXFileReference; fileEncoding = 4; lastKnownFileType = sourcecode.c.objc; path = ThumbImageView.m; sourceTree = "<group>"; };
		D7A621EC1485784F006E7BC3 /* ScreenshotBrowser.h */ = {isa = PBXFileReference; fileEncoding = 4; lastKnownFileType = sourcecode.c.h; path = ScreenshotBrowser.h; sourceTree = "<group>"; };
		D7A621ED1485784F006E7BC3 /* ScreenshotBrowser.m */ = {isa = PBXFileReference; fileEncoding = 4; lastKnownFileType = sourcecode.c.objc; path = ScreenshotBrowser.m; sourceTree = "<group>"; };
		D7A621EF1485786F006E7BC3 /* ScreenshotBrowser.xib */ = {isa = PBXFileReference; fileEncoding = 4; lastKnownFileType = file.xib; path = ScreenshotBrowser.xib; sourceTree = "<group>"; };
		D7A621F214857BC5006E7BC3 /* UIImage+Resizing.h */ = {isa = PBXFileReference; fileEncoding = 4; lastKnownFileType = sourcecode.c.h; path = "UIImage+Resizing.h"; sourceTree = "<group>"; };
		D7A621F314857BC5006E7BC3 /* UIImage+Resizing.m */ = {isa = PBXFileReference; fileEncoding = 4; lastKnownFileType = sourcecode.c.objc; path = "UIImage+Resizing.m"; sourceTree = "<group>"; };
		D7A621F514858FC7006E7BC3 /* TapDetectingImageView.h */ = {isa = PBXFileReference; fileEncoding = 4; lastKnownFileType = sourcecode.c.h; path = TapDetectingImageView.h; sourceTree = "<group>"; };
		D7A621F614858FC8006E7BC3 /* TapDetectingImageView.m */ = {isa = PBXFileReference; fileEncoding = 4; lastKnownFileType = sourcecode.c.objc; path = TapDetectingImageView.m; sourceTree = "<group>"; };
		D7A84F4813C4E7D00085E8C3 /* VisitPlannerRootViewController_iPhone.h */ = {isa = PBXFileReference; fileEncoding = 4; lastKnownFileType = sourcecode.c.h; path = VisitPlannerRootViewController_iPhone.h; sourceTree = "<group>"; };
		D7A84F4913C4E7D00085E8C3 /* VisitPlannerRootViewController_iPhone.m */ = {isa = PBXFileReference; fileEncoding = 4; lastKnownFileType = sourcecode.c.objc; path = VisitPlannerRootViewController_iPhone.m; sourceTree = "<group>"; };
		D7A84F6F13C4F04A0085E8C3 /* EditAVisitViewController_iPhone.h */ = {isa = PBXFileReference; fileEncoding = 4; lastKnownFileType = sourcecode.c.h; lineEnding = 0; path = EditAVisitViewController_iPhone.h; sourceTree = "<group>"; xcLanguageSpecificationIdentifier = xcode.lang.objcpp; };
		D7A84F7013C4F04A0085E8C3 /* EditAVisitViewController_iPhone.m */ = {isa = PBXFileReference; fileEncoding = 4; lastKnownFileType = sourcecode.c.objc; lineEnding = 0; path = EditAVisitViewController_iPhone.m; sourceTree = "<group>"; xcLanguageSpecificationIdentifier = xcode.lang.objc; };
		D7BB0D7813BB9A0B0062C2A9 /* NativeEarth.app */ = {isa = PBXFileReference; explicitFileType = wrapper.application; includeInIndex = 0; path = NativeEarth.app; sourceTree = BUILT_PRODUCTS_DIR; };
		D7BB0D7C13BB9A0C0062C2A9 /* UIKit.framework */ = {isa = PBXFileReference; lastKnownFileType = wrapper.framework; name = UIKit.framework; path = System/Library/Frameworks/UIKit.framework; sourceTree = SDKROOT; };
		D7BB0D7E13BB9A0C0062C2A9 /* Foundation.framework */ = {isa = PBXFileReference; lastKnownFileType = wrapper.framework; name = Foundation.framework; path = System/Library/Frameworks/Foundation.framework; sourceTree = SDKROOT; };
		D7BB0D8013BB9A0C0062C2A9 /* CoreGraphics.framework */ = {isa = PBXFileReference; lastKnownFileType = wrapper.framework; name = CoreGraphics.framework; path = System/Library/Frameworks/CoreGraphics.framework; sourceTree = SDKROOT; };
		D7BB0D8213BB9A0C0062C2A9 /* CoreData.framework */ = {isa = PBXFileReference; lastKnownFileType = wrapper.framework; name = CoreData.framework; path = System/Library/Frameworks/CoreData.framework; sourceTree = SDKROOT; };
		D7BB0D8613BB9A0C0062C2A9 /* NativeEarth-Info.plist */ = {isa = PBXFileReference; lastKnownFileType = text.plist.xml; path = "NativeEarth-Info.plist"; sourceTree = "<group>"; };
		D7BB0D8813BB9A0C0062C2A9 /* en */ = {isa = PBXFileReference; lastKnownFileType = text.plist.strings; name = en; path = en.lproj/InfoPlist.strings; sourceTree = "<group>"; };
		D7BB0D8A13BB9A0C0062C2A9 /* NativeEarth-Prefix.pch */ = {isa = PBXFileReference; lastKnownFileType = sourcecode.c.h; path = "NativeEarth-Prefix.pch"; sourceTree = "<group>"; };
		D7BB0D8B13BB9A0C0062C2A9 /* main.m */ = {isa = PBXFileReference; lastKnownFileType = sourcecode.c.objc; path = main.m; sourceTree = "<group>"; };
		D7BB0D8D13BB9A0C0062C2A9 /* NativeEarthAppDelegate.h */ = {isa = PBXFileReference; lastKnownFileType = sourcecode.c.h; path = NativeEarthAppDelegate.h; sourceTree = "<group>"; };
		D7BB0D8E13BB9A0C0062C2A9 /* NativeEarthAppDelegate.m */ = {isa = PBXFileReference; lastKnownFileType = sourcecode.c.objc; path = NativeEarthAppDelegate.m; sourceTree = "<group>"; };
		D7BB0D9113BB9A0C0062C2A9 /* en */ = {isa = PBXFileReference; lastKnownFileType = file.xib; name = en; path = en.lproj/MainWindow.xib; sourceTree = "<group>"; };
		D7BB0D9413BB9A0C0062C2A9 /* NativeEarth.xcdatamodel */ = {isa = PBXFileReference; lastKnownFileType = wrapper.xcdatamodel; path = NativeEarth.xcdatamodel; sourceTree = "<group>"; };
		D7BB0DB013BB9CC30062C2A9 /* KMLParser.h */ = {isa = PBXFileReference; fileEncoding = 4; lastKnownFileType = sourcecode.c.h; path = KMLParser.h; sourceTree = "<group>"; };
		D7BB0DB113BB9CC30062C2A9 /* KMLParser.m */ = {isa = PBXFileReference; fileEncoding = 4; lastKnownFileType = sourcecode.c.objc; path = KMLParser.m; sourceTree = "<group>"; };
		D7BB0DB213BB9CC30062C2A9 /* LocationDetector.h */ = {isa = PBXFileReference; fileEncoding = 4; lastKnownFileType = sourcecode.c.h; lineEnding = 0; path = LocationDetector.h; sourceTree = "<group>"; xcLanguageSpecificationIdentifier = xcode.lang.objcpp; };
		D7BB0DB313BB9CC30062C2A9 /* LocationDetector.m */ = {isa = PBXFileReference; fileEncoding = 4; lastKnownFileType = sourcecode.c.objc; path = LocationDetector.m; sourceTree = "<group>"; };
		D7BB0DB413BB9CC30062C2A9 /* Reachability.h */ = {isa = PBXFileReference; fileEncoding = 4; lastKnownFileType = sourcecode.c.h; lineEnding = 0; path = Reachability.h; sourceTree = "<group>"; xcLanguageSpecificationIdentifier = xcode.lang.objcpp; };
		D7BB0DB513BB9CC30062C2A9 /* Reachability.m */ = {isa = PBXFileReference; fileEncoding = 4; lastKnownFileType = sourcecode.c.objc; path = Reachability.m; sourceTree = "<group>"; };
		D7BB0DB613BB9CC30062C2A9 /* ReverseGeocoder.h */ = {isa = PBXFileReference; fileEncoding = 4; lastKnownFileType = sourcecode.c.h; path = ReverseGeocoder.h; sourceTree = "<group>"; };
		D7BB0DB713BB9CC30062C2A9 /* ReverseGeocoder.m */ = {isa = PBXFileReference; fileEncoding = 4; lastKnownFileType = sourcecode.c.objc; path = ReverseGeocoder.m; sourceTree = "<group>"; };
		D7BB0DC513BB9CF40062C2A9 /* CalloutMapAnnotationView.h */ = {isa = PBXFileReference; fileEncoding = 4; lastKnownFileType = sourcecode.c.h; path = CalloutMapAnnotationView.h; sourceTree = "<group>"; };
		D7BB0DC613BB9CF40062C2A9 /* CalloutMapAnnotationView.m */ = {isa = PBXFileReference; fileEncoding = 4; lastKnownFileType = sourcecode.c.objc; path = CalloutMapAnnotationView.m; sourceTree = "<group>"; };
		D7BB0DC713BB9CF40062C2A9 /* DistrictCenterAnnotation.h */ = {isa = PBXFileReference; fileEncoding = 4; lastKnownFileType = sourcecode.c.h; path = DistrictCenterAnnotation.h; sourceTree = "<group>"; };
		D7BB0DC813BB9CF40062C2A9 /* DistrictCenterAnnotation.m */ = {isa = PBXFileReference; fileEncoding = 4; lastKnownFileType = sourcecode.c.objc; path = DistrictCenterAnnotation.m; sourceTree = "<group>"; };
		D7BB0DC913BB9CF40062C2A9 /* DistrictCenterAnnotationView.h */ = {isa = PBXFileReference; fileEncoding = 4; lastKnownFileType = sourcecode.c.h; path = DistrictCenterAnnotationView.h; sourceTree = "<group>"; };
		D7BB0DCA13BB9CF40062C2A9 /* DistrictCenterAnnotationView.m */ = {isa = PBXFileReference; fileEncoding = 4; lastKnownFileType = sourcecode.c.objc; path = DistrictCenterAnnotationView.m; sourceTree = "<group>"; };
		D7BB0DCE13BB9D750062C2A9 /* MapKit.framework */ = {isa = PBXFileReference; lastKnownFileType = wrapper.framework; name = MapKit.framework; path = System/Library/Frameworks/MapKit.framework; sourceTree = SDKROOT; };
		D7BB0DD013BB9D830062C2A9 /* CoreLocation.framework */ = {isa = PBXFileReference; lastKnownFileType = wrapper.framework; name = CoreLocation.framework; path = System/Library/Frameworks/CoreLocation.framework; sourceTree = SDKROOT; };
		D7BB0DD213BB9D910062C2A9 /* AVFoundation.framework */ = {isa = PBXFileReference; lastKnownFileType = wrapper.framework; name = AVFoundation.framework; path = System/Library/Frameworks/AVFoundation.framework; sourceTree = SDKROOT; };
		D7BB0DD413BB9D990062C2A9 /* SystemConfiguration.framework */ = {isa = PBXFileReference; lastKnownFileType = wrapper.framework; name = SystemConfiguration.framework; path = System/Library/Frameworks/SystemConfiguration.framework; sourceTree = SDKROOT; };
		D7BB0DD713BB9DEA0062C2A9 /* JSON.h */ = {isa = PBXFileReference; fileEncoding = 4; lastKnownFileType = sourcecode.c.h; path = JSON.h; sourceTree = "<group>"; };
		D7BB0DD813BB9DEA0062C2A9 /* NSObject+SBJSON.h */ = {isa = PBXFileReference; fileEncoding = 4; lastKnownFileType = sourcecode.c.h; path = "NSObject+SBJSON.h"; sourceTree = "<group>"; };
		D7BB0DD913BB9DEA0062C2A9 /* NSObject+SBJSON.m */ = {isa = PBXFileReference; fileEncoding = 4; lastKnownFileType = sourcecode.c.objc; path = "NSObject+SBJSON.m"; sourceTree = "<group>"; };
		D7BB0DDA13BB9DEA0062C2A9 /* NSString+SBJSON.h */ = {isa = PBXFileReference; fileEncoding = 4; lastKnownFileType = sourcecode.c.h; path = "NSString+SBJSON.h"; sourceTree = "<group>"; };
		D7BB0DDB13BB9DEA0062C2A9 /* NSString+SBJSON.m */ = {isa = PBXFileReference; fileEncoding = 4; lastKnownFileType = sourcecode.c.objc; path = "NSString+SBJSON.m"; sourceTree = "<group>"; };
		D7BB0DDC13BB9DEA0062C2A9 /* SBJsonBase.h */ = {isa = PBXFileReference; fileEncoding = 4; lastKnownFileType = sourcecode.c.h; lineEnding = 0; path = SBJsonBase.h; sourceTree = "<group>"; xcLanguageSpecificationIdentifier = xcode.lang.objcpp; };
		D7BB0DDD13BB9DEA0062C2A9 /* SBJsonBase.m */ = {isa = PBXFileReference; fileEncoding = 4; lastKnownFileType = sourcecode.c.objc; path = SBJsonBase.m; sourceTree = "<group>"; };
		D7BB0DDE13BB9DEA0062C2A9 /* SBJsonParser.h */ = {isa = PBXFileReference; fileEncoding = 4; lastKnownFileType = sourcecode.c.h; path = SBJsonParser.h; sourceTree = "<group>"; };
		D7BB0DDF13BB9DEA0062C2A9 /* SBJsonParser.m */ = {isa = PBXFileReference; fileEncoding = 4; lastKnownFileType = sourcecode.c.objc; lineEnding = 0; path = SBJsonParser.m; sourceTree = "<group>"; xcLanguageSpecificationIdentifier = xcode.lang.objc; };
		D7BB0DE013BB9DEA0062C2A9 /* SBJsonWriter.h */ = {isa = PBXFileReference; fileEncoding = 4; lastKnownFileType = sourcecode.c.h; path = SBJsonWriter.h; sourceTree = "<group>"; };
		D7BB0DE113BB9DEA0062C2A9 /* SBJsonWriter.m */ = {isa = PBXFileReference; fileEncoding = 4; lastKnownFileType = sourcecode.c.objc; path = SBJsonWriter.m; sourceTree = "<group>"; };
		D7BB0DE813BB9F940062C2A9 /* fr */ = {isa = PBXFileReference; lastKnownFileType = text.plist.strings; name = fr; path = fr.lproj/InfoPlist.strings; sourceTree = "<group>"; };
		D7BB0DEA13BB9FA30062C2A9 /* fr */ = {isa = PBXFileReference; lastKnownFileType = file.xib; name = fr; path = fr.lproj/MainWindow.xib; sourceTree = "<group>"; };
		D7BB0DF313BBA1120062C2A9 /* NativeEarthAppDelegate_iPhone.m */ = {isa = PBXFileReference; fileEncoding = 4; lastKnownFileType = sourcecode.c.objc; name = NativeEarthAppDelegate_iPhone.m; path = iphone/NativeEarthAppDelegate_iPhone.m; sourceTree = "<group>"; };
		D7BB0DF413BBA1120062C2A9 /* NativeEarthAppDelegate_iPhone.h */ = {isa = PBXFileReference; fileEncoding = 4; lastKnownFileType = sourcecode.c.h; name = NativeEarthAppDelegate_iPhone.h; path = iphone/NativeEarthAppDelegate_iPhone.h; sourceTree = "<group>"; };
		D7BB0DF713BBA22A0062C2A9 /* en */ = {isa = PBXFileReference; lastKnownFileType = file.xib; name = en; path = iphone/en.lproj/MainWindow_iPhone.xib; sourceTree = "<group>"; };
		D7BB0DF913BBA23E0062C2A9 /* fr */ = {isa = PBXFileReference; lastKnownFileType = file.xib; name = fr; path = iphone/fr.lproj/MainWindow_iPhone.xib; sourceTree = "<group>"; };
		D7BB0DFB13BBA3DC0062C2A9 /* BaseViewController.h */ = {isa = PBXFileReference; fileEncoding = 4; lastKnownFileType = sourcecode.c.h; path = BaseViewController.h; sourceTree = "<group>"; };
		D7BB0DFC13BBA3E40062C2A9 /* BaseViewController.m */ = {isa = PBXFileReference; fileEncoding = 4; lastKnownFileType = sourcecode.c.objc; path = BaseViewController.m; sourceTree = "<group>"; };
		D7BC54CE13C7A21500542880 /* TextViewCell.h */ = {isa = PBXFileReference; fileEncoding = 4; lastKnownFileType = sourcecode.c.h; name = TextViewCell.h; path = iphone/TripPlanner/TextViewCell.h; sourceTree = "<group>"; };
		D7BC54CF13C7A21500542880 /* TextViewCell.m */ = {isa = PBXFileReference; fileEncoding = 4; lastKnownFileType = sourcecode.c.objc; lineEnding = 0; name = TextViewCell.m; path = iphone/TripPlanner/TextViewCell.m; sourceTree = "<group>"; xcLanguageSpecificationIdentifier = xcode.lang.objc; };
		D7BC54D113C7A7E000542880 /* TextViewCell.xib */ = {isa = PBXFileReference; fileEncoding = 4; lastKnownFileType = file.xib; name = TextViewCell.xib; path = iphone/TripPlanner/TextViewCell.xib; sourceTree = "<group>"; };
		D7BF7F4E156867F5007B6D30 /* Nation.h */ = {isa = PBXFileReference; fileEncoding = 4; lastKnownFileType = sourcecode.c.h; path = Nation.h; sourceTree = "<group>"; };
		D7BF7F4F156867F5007B6D30 /* Nation.m */ = {isa = PBXFileReference; fileEncoding = 4; lastKnownFileType = sourcecode.c.objc; path = Nation.m; sourceTree = "<group>"; };
		D7C4B53C145F02250082F0FF /* ViewAVisitViewController_iPhone.h */ = {isa = PBXFileReference; fileEncoding = 4; lastKnownFileType = sourcecode.c.h; path = ViewAVisitViewController_iPhone.h; sourceTree = "<group>"; };
		D7C4B53D145F02260082F0FF /* ViewAVisitViewController_iPhone.m */ = {isa = PBXFileReference; fileEncoding = 4; lastKnownFileType = sourcecode.c.objc; lineEnding = 0; path = ViewAVisitViewController_iPhone.m; sourceTree = "<group>"; xcLanguageSpecificationIdentifier = xcode.lang.objc; };
		D7D7AB9C1506B19800BD3EBD /* Map.h */ = {isa = PBXFileReference; fileEncoding = 4; lastKnownFileType = sourcecode.c.h; path = Map.h; sourceTree = "<group>"; };
		D7D7AB9D1506B19800BD3EBD /* Map.m */ = {isa = PBXFileReference; fileEncoding = 4; lastKnownFileType = sourcecode.c.objc; path = Map.m; sourceTree = "<group>"; };
		D7D7ABA51506B19900BD3EBD /* Land.h */ = {isa = PBXFileReference; fileEncoding = 4; lastKnownFileType = sourcecode.c.h; path = Land.h; sourceTree = "<group>"; };
		D7D7ABA61506B19900BD3EBD /* Land.m */ = {isa = PBXFileReference; fileEncoding = 4; lastKnownFileType = sourcecode.c.objc; path = Land.m; sourceTree = "<group>"; };
		D7D7ABA81506B19900BD3EBD /* PlannedVisit.h */ = {isa = PBXFileReference; fileEncoding = 4; lastKnownFileType = sourcecode.c.h; path = PlannedVisit.h; sourceTree = "<group>"; };
		D7D7ABA91506B19900BD3EBD /* PlannedVisit.m */ = {isa = PBXFileReference; fileEncoding = 4; lastKnownFileType = sourcecode.c.objc; path = PlannedVisit.m; sourceTree = "<group>"; };
		D7D7ABB41506B44500BD3EBD /* ShortNation.h */ = {isa = PBXFileReference; fileEncoding = 4; lastKnownFileType = sourcecode.c.h; path = ShortNation.h; sourceTree = "<group>"; };
		D7D7ABB51506B44500BD3EBD /* ShortNation.m */ = {isa = PBXFileReference; fileEncoding = 4; lastKnownFileType = sourcecode.c.objc; path = ShortNation.m; sourceTree = "<group>"; };
		D7D7ABB71506C51300BD3EBD /* WSNation.h */ = {isa = PBXFileReference; fileEncoding = 4; lastKnownFileType = sourcecode.c.h; path = WSNation.h; sourceTree = "<group>"; };
		D7D7ABB81506C51500BD3EBD /* WSNation.m */ = {isa = PBXFileReference; fileEncoding = 4; lastKnownFileType = sourcecode.c.objc; path = WSNation.m; sourceTree = "<group>"; };
		D7DA7B0113D72412009EEC0A /* DDAnnotation.h */ = {isa = PBXFileReference; fileEncoding = 4; lastKnownFileType = sourcecode.c.h; path = DDAnnotation.h; sourceTree = "<group>"; };
		D7DA7B0213D72412009EEC0A /* DDAnnotation.m */ = {isa = PBXFileReference; fileEncoding = 4; lastKnownFileType = sourcecode.c.objc; path = DDAnnotation.m; sourceTree = "<group>"; };
		D7DA7B0813D72442009EEC0A /* Pin.png */ = {isa = PBXFileReference; lastKnownFileType = image.png; path = Pin.png; sourceTree = "<group>"; };
		D7DA7B0913D72442009EEC0A /* PinDown1.png */ = {isa = PBXFileReference; lastKnownFileType = image.png; path = PinDown1.png; sourceTree = "<group>"; };
		D7DA7B0A13D72442009EEC0A /* PinDown2.png */ = {isa = PBXFileReference; lastKnownFileType = image.png; path = PinDown2.png; sourceTree = "<group>"; };
		D7DA7B0B13D72442009EEC0A /* PinDown3.png */ = {isa = PBXFileReference; lastKnownFileType = image.png; path = PinDown3.png; sourceTree = "<group>"; };
		D7DA7B0C13D72442009EEC0A /* PinFloating.png */ = {isa = PBXFileReference; lastKnownFileType = image.png; path = PinFloating.png; sourceTree = "<group>"; };
		D7DA7B0D13D72442009EEC0A /* PinShadow.png */ = {isa = PBXFileReference; lastKnownFileType = image.png; path = PinShadow.png; sourceTree = "<group>"; };
		D7DA7B2C13D72EC7009EEC0A /* MapLookUpViewController_iPhone.h */ = {isa = PBXFileReference; fileEncoding = 4; lastKnownFileType = sourcecode.c.h; lineEnding = 0; path = MapLookUpViewController_iPhone.h; sourceTree = "<group>"; xcLanguageSpecificationIdentifier = xcode.lang.objcpp; };
		D7DA7B2D13D72ECA009EEC0A /* MapLookUpViewController_iPhone.m */ = {isa = PBXFileReference; fileEncoding = 4; lastKnownFileType = sourcecode.c.objc; path = MapLookUpViewController_iPhone.m; sourceTree = "<group>"; };
		D7DA7B2E13D72ECD009EEC0A /* MapLookUpViewController_iPhone.xib */ = {isa = PBXFileReference; fileEncoding = 4; lastKnownFileType = file.xib; path = MapLookUpViewController_iPhone.xib; sourceTree = "<group>"; };
		D7DA7B4113D76070009EEC0A /* 72-pin.png */ = {isa = PBXFileReference; lastKnownFileType = image.png; path = "72-pin.png"; sourceTree = "<group>"; };
		D7DA7B4313D760DF009EEC0A /* 01-refresh.png */ = {isa = PBXFileReference; lastKnownFileType = image.png; path = "01-refresh.png"; sourceTree = "<group>"; };
		D7DA7B4513D763B1009EEC0A /* 193-location-arrow.png */ = {isa = PBXFileReference; lastKnownFileType = image.png; path = "193-location-arrow.png"; sourceTree = "<group>"; };
		D7DA7B4713D763F0009EEC0A /* 02-redo.png */ = {isa = PBXFileReference; lastKnownFileType = image.png; path = "02-redo.png"; sourceTree = "<group>"; };
		D7DFB85A142A6E6F00258875 /* Toast+UIView.h */ = {isa = PBXFileReference; fileEncoding = 4; lastKnownFileType = sourcecode.c.h; path = "Toast+UIView.h"; sourceTree = "<group>"; };
		D7DFB85C142A6E7600258875 /* Toast+UIView.m */ = {isa = PBXFileReference; fileEncoding = 4; lastKnownFileType = sourcecode.c.objc; path = "Toast+UIView.m"; sourceTree = "<group>"; };
		D7E85FAD13D4968800437CD7 /* 06-magnify.png */ = {isa = PBXFileReference; lastKnownFileType = image.png; name = "06-magnify.png"; path = "icons/06-magnify.png"; sourceTree = "<group>"; };
		D7E85FAE13D4968800437CD7 /* icon_list.png */ = {isa = PBXFileReference; lastKnownFileType = image.png; name = icon_list.png; path = icons/icon_list.png; sourceTree = "<group>"; };
		D7E85FAF13D4968800437CD7 /* icon_location.png */ = {isa = PBXFileReference; lastKnownFileType = image.png; name = icon_location.png; path = icons/icon_location.png; sourceTree = "<group>"; };
		D7E85FB013D4968800437CD7 /* icon_magnify.png */ = {isa = PBXFileReference; lastKnownFileType = image.png; name = icon_magnify.png; path = icons/icon_magnify.png; sourceTree = "<group>"; };
		D7E85FB113D4968800437CD7 /* icon_play.png */ = {isa = PBXFileReference; lastKnownFileType = image.png; name = icon_play.png; path = icons/icon_play.png; sourceTree = "<group>"; };
		D7E85FB213D4968800437CD7 /* icon_settings.png */ = {isa = PBXFileReference; lastKnownFileType = image.png; name = icon_settings.png; path = icons/icon_settings.png; sourceTree = "<group>"; };
		D7E85FB313D4968800437CD7 /* icon_settings2.png */ = {isa = PBXFileReference; lastKnownFileType = image.png; name = icon_settings2.png; path = icons/icon_settings2.png; sourceTree = "<group>"; };
		D7E85FB413D4968900437CD7 /* magnify.png */ = {isa = PBXFileReference; lastKnownFileType = image.png; name = magnify.png; path = icons/magnify.png; sourceTree = "<group>"; };
/* End PBXFileReference section */

/* Begin PBXFrameworksBuildPhase section */
		D7BB0D7513BB9A0B0062C2A9 /* Frameworks */ = {
			isa = PBXFrameworksBuildPhase;
			buildActionMask = 2147483647;
			files = (
				D70007E41550ABAA00934C6F /* libz.1.2.3.dylib in Frameworks */,
				D72157F613C264AE00AF9AD0 /* QuartzCore.framework in Frameworks */,
				D7BB0DD513BB9D990062C2A9 /* SystemConfiguration.framework in Frameworks */,
				D7BB0DD313BB9D910062C2A9 /* AVFoundation.framework in Frameworks */,
				D7BB0DD113BB9D830062C2A9 /* CoreLocation.framework in Frameworks */,
				D7BB0DCF13BB9D750062C2A9 /* MapKit.framework in Frameworks */,
				D7BB0D7D13BB9A0C0062C2A9 /* UIKit.framework in Frameworks */,
				D7BB0D7F13BB9A0C0062C2A9 /* Foundation.framework in Frameworks */,
				D7BB0D8113BB9A0C0062C2A9 /* CoreGraphics.framework in Frameworks */,
				D7BB0D8313BB9A0C0062C2A9 /* CoreData.framework in Frameworks */,
			);
			runOnlyForDeploymentPostprocessing = 0;
		};
/* End PBXFrameworksBuildPhase section */

/* Begin PBXGroup section */
		D70007CE15505D1200934C6F /* ZipArchive */ = {
			isa = PBXGroup;
			children = (
				D70007CF15505D1200934C6F /* minizip */,
				D70007D915505D1200934C6F /* ZipArchive.h */,
				D70007DA15505D1200934C6F /* ZipArchive.mm */,
			);
			path = ZipArchive;
			sourceTree = "<group>";
		};
		D70007CF15505D1200934C6F /* minizip */ = {
			isa = PBXGroup;
			children = (
				D70007E6155302A400934C6F /* crypt.h */,
				D70007D115505D1200934C6F /* ioapi.c */,
				D70007D215505D1200934C6F /* ioapi.h */,
				D70007D315505D1200934C6F /* mztools.c */,
				D70007D415505D1200934C6F /* mztools.h */,
				D70007D515505D1200934C6F /* unzip.c */,
				D70007D615505D1200934C6F /* unzip.h */,
				D70007D715505D1200934C6F /* zip.c */,
				D70007D815505D1200934C6F /* zip.h */,
			);
			path = minizip;
			sourceTree = "<group>";
		};
		D77E0E2113BCCB0A00A738D8 /* LocationInfo */ = {
			isa = PBXGroup;
			children = (
				D77E0E2F13BCCE3E00A738D8 /* LocationDetails */,
				D77E0E0E13BCC34300A738D8 /* LocationInfoViewController_iPhone.h */,
				D77E0E0F13BCC34300A738D8 /* LocationInfoViewController_iPhone.m */,
				D78D045913E046FA00C04A5E /* NationSelectViewController_iPhone.h */,
				D78D045A13E046FB00C04A5E /* NationSelectViewController_iPhone.m */,
			);
			name = LocationInfo;
			sourceTree = "<group>";
		};
		D77E0E2213BCCB2A00A738D8 /* Browse */ = {
			isa = PBXGroup;
			children = (
				D723152913C221C500DF3DF8 /* BrowseViewController_iPhone.h */,
				D723152A13C221C500DF3DF8 /* BrowseViewController_iPhone.m */,
				D723153C13C2379D00DF3DF8 /* BrowseViewController_iPhone.xib */,
				D7DA7B2C13D72EC7009EEC0A /* MapLookUpViewController_iPhone.h */,
				D7DA7B2D13D72ECA009EEC0A /* MapLookUpViewController_iPhone.m */,
				D7DA7B2E13D72ECD009EEC0A /* MapLookUpViewController_iPhone.xib */,
				D7972E4A140C15AF00454BE3 /* GeopoliticalSearchViewController_iPhone.h */,
				D7972E4B140C15AF00454BE3 /* GeopoliticalSearchViewController_iPhone.m */,
				D7972E4C140C15B000454BE3 /* GeopoliticalSearchViewController_iPhone.xib */,
			);
			name = Browse;
			path = iphone/Locator;
			sourceTree = "<group>";
		};
		D77E0E2F13BCCE3E00A738D8 /* LocationDetails */ = {
			isa = PBXGroup;
			children = (
				D7A621E7148575D4006E7BC3 /* ScreenshotBrowser */,
				D77E0E3013BCD38600A738D8 /* MapBrowserViewController_iPhone.h */,
				D77E0E3113BCD38600A738D8 /* MapBrowserViewController_iPhone.m */,
				D77E0E3213BCD38600A738D8 /* MapBrowserViewController_iPhone.xib */,
				D78E16D71472CC9C00ED49E4 /* GreetingViewController_iPhone.h */,
				D78E16D81472CC9C00ED49E4 /* GreetingViewController_iPhone.m */,
				D784AB7515213651002FC873 /* LandsViewController_iPhone.h */,
				D784AB7615213653002FC873 /* LandsViewController_iPhone.m */,
			);
			name = LocationDetails;
			sourceTree = "<group>";
		};
		D786011E13C617CA007EA5B0 /* BaseViewControllers */ = {
			isa = PBXGroup;
			children = (
				D7BB0DFB13BBA3DC0062C2A9 /* BaseViewController.h */,
				D7BB0DFC13BBA3E40062C2A9 /* BaseViewController.m */,
				D783B42413BCBD4200A5C05F /* BaseTableViewController.h */,
				D783B42513BCBD4200A5C05F /* BaseTableViewController.m */,
			);
			name = BaseViewControllers;
			sourceTree = "<group>";
		};
		D786015313C656FB007EA5B0 /* icons */ = {
			isa = PBXGroup;
			children = (
				D7A4FFF2148E7CF30077C56C /* suitcase.png */,
				D78DA297148C4B210022572A /* arrowForwardPlay.png */,
				D7922ED914686B0E000D7344 /* list.png */,
				D7DA7B0813D72442009EEC0A /* Pin.png */,
				D7DA7B4113D76070009EEC0A /* 72-pin.png */,
				D7DA7B4313D760DF009EEC0A /* 01-refresh.png */,
				D7DA7B4513D763B1009EEC0A /* 193-location-arrow.png */,
				D7922ED714686135000D7344 /* turtle2.png */,
				D7DA7B4713D763F0009EEC0A /* 02-redo.png */,
				D7DA7B0913D72442009EEC0A /* PinDown1.png */,
				D7DA7B0A13D72442009EEC0A /* PinDown2.png */,
				D7DA7B0B13D72442009EEC0A /* PinDown3.png */,
				D7DA7B0C13D72442009EEC0A /* PinFloating.png */,
				D7DA7B0D13D72442009EEC0A /* PinShadow.png */,
				D7E85FAD13D4968800437CD7 /* 06-magnify.png */,
				D760FC1414914B9300D7A281 /* icon_case.png */,
				D7E85FAE13D4968800437CD7 /* icon_list.png */,
				D7E85FAF13D4968800437CD7 /* icon_location.png */,
				D760FC1614914BC000D7A281 /* icon_forum.png */,
				D7E85FB013D4968800437CD7 /* icon_magnify.png */,
				D7E85FB113D4968800437CD7 /* icon_play.png */,
				D7E85FB213D4968800437CD7 /* icon_settings.png */,
				D7E85FB313D4968800437CD7 /* icon_settings2.png */,
				D7E85FB413D4968900437CD7 /* magnify.png */,
				D786015C13C65D93007EA5B0 /* Spotlight.png */,
			);
			name = icons;
			sourceTree = "<group>";
		};
		D78D04A913E1D6D300C04A5E /* WSModel */ = {
			isa = PBXGroup;
			children = (
				D7D7ABB41506B44500BD3EBD /* ShortNation.h */,
				D7D7ABB51506B44500BD3EBD /* ShortNation.m */,
				D78D04AE13E1D72200C04A5E /* WSLand.h */,
				D78D04AF13E1D72200C04A5E /* WSLand.m */,
				D78D04B113E1D92000C04A5E /* WSGreeting.h */,
				D78D04B213E1D92100C04A5E /* WSGreeting.m */,
				D7D7ABB71506C51300BD3EBD /* WSNation.h */,
				D7D7ABB81506C51500BD3EBD /* WSNation.m */,
			);
			name = WSModel;
			sourceTree = "<group>";
		};
		D7A535B4148D49AA005F8CC5 /* CustomCells */ = {
			isa = PBXGroup;
			children = (
				D7003C1413CDEEEF00587CD0 /* TextFieldCell_iPhone.h */,
				D7003C1513CDEEF000587CD0 /* TextFieldCell_iPhone.m */,
				D7003C1813CDEF1800587CD0 /* TextFieldCell_iPhone.xib */,
				D7BC54CE13C7A21500542880 /* TextViewCell.h */,
				D7BC54CF13C7A21500542880 /* TextViewCell.m */,
				D7BC54D113C7A7E000542880 /* TextViewCell.xib */,
				D78DA271148C420E0022572A /* GreetingCell_iPhone.h */,
				D78DA272148C420E0022572A /* GreetingCell_iPhone.m */,
				D78DA273148C420E0022572A /* GreetingCell_iPhone.xib */,
			);
			name = CustomCells;
			sourceTree = "<group>";
		};
		D7A621E7148575D4006E7BC3 /* ScreenshotBrowser */ = {
			isa = PBXGroup;
			children = (
				D7A621F514858FC7006E7BC3 /* TapDetectingImageView.h */,
				D7A621F614858FC8006E7BC3 /* TapDetectingImageView.m */,
				D7A621EC1485784F006E7BC3 /* ScreenshotBrowser.h */,
				D7A621ED1485784F006E7BC3 /* ScreenshotBrowser.m */,
				D7A621EF1485786F006E7BC3 /* ScreenshotBrowser.xib */,
				D7A621E91485760D006E7BC3 /* ThumbImageView.h */,
				D7A621EA1485760D006E7BC3 /* ThumbImageView.m */,
			);
			name = ScreenshotBrowser;
			sourceTree = "<group>";
		};
		D7BB0D6D13BB9A0B0062C2A9 = {
			isa = PBXGroup;
			children = (
				D70007E31550ABA900934C6F /* libz.1.2.3.dylib */,
				D7BB0D8413BB9A0C0062C2A9 /* NativeEarth */,
				D7BB0D7B13BB9A0C0062C2A9 /* Frameworks */,
				D7BB0D7913BB9A0B0062C2A9 /* Products */,
			);
			sourceTree = "<group>";
		};
		D7BB0D7913BB9A0B0062C2A9 /* Products */ = {
			isa = PBXGroup;
			children = (
				D7BB0D7813BB9A0B0062C2A9 /* NativeEarth.app */,
			);
			name = Products;
			sourceTree = "<group>";
		};
		D7BB0D7B13BB9A0C0062C2A9 /* Frameworks */ = {
			isa = PBXGroup;
			children = (
				D72157F513C264AE00AF9AD0 /* QuartzCore.framework */,
				D7BB0DD413BB9D990062C2A9 /* SystemConfiguration.framework */,
				D7BB0DD213BB9D910062C2A9 /* AVFoundation.framework */,
				D7BB0DD013BB9D830062C2A9 /* CoreLocation.framework */,
				D7BB0DCE13BB9D750062C2A9 /* MapKit.framework */,
				D7BB0D7C13BB9A0C0062C2A9 /* UIKit.framework */,
				D7BB0D7E13BB9A0C0062C2A9 /* Foundation.framework */,
				D7BB0D8013BB9A0C0062C2A9 /* CoreGraphics.framework */,
				D7BB0D8213BB9A0C0062C2A9 /* CoreData.framework */,
			);
			name = Frameworks;
			sourceTree = "<group>";
		};
		D7BB0D8413BB9A0C0062C2A9 /* NativeEarth */ = {
			isa = PBXGroup;
			children = (
				D7BB0DC413BB9CF40062C2A9 /* MapAnnotation */,
				D78D04A913E1D6D300C04A5E /* WSModel */,
				D7BB0DC013BB9CEA0062C2A9 /* Model */,
				D7BB0DAD13BB9CC30062C2A9 /* Utilities */,
				D786011E13C617CA007EA5B0 /* BaseViewControllers */,
				D7BB0DE713BB9F530062C2A9 /* iPhone */,
				D7BB0D8D13BB9A0C0062C2A9 /* NativeEarthAppDelegate.h */,
				D7BB0D8E13BB9A0C0062C2A9 /* NativeEarthAppDelegate.m */,
				D7BB0D9013BB9A0C0062C2A9 /* MainWindow.xib */,
				D7BB0D8513BB9A0C0062C2A9 /* Supporting Files */,
			);
			path = NativeEarth;
			sourceTree = "<group>";
		};
		D7BB0D8513BB9A0C0062C2A9 /* Supporting Files */ = {
			isa = PBXGroup;
			children = (
				D78646761570871A00802690 /* Localizable.strings */,
				D70007E11550AABE00934C6F /* NativeEarth.sqlite.zip */,
				D786015313C656FB007EA5B0 /* icons */,
				D7BB0D9313BB9A0C0062C2A9 /* NativeEarth.xcdatamodeld */,
				D7BB0D8613BB9A0C0062C2A9 /* NativeEarth-Info.plist */,
				D7BB0D8713BB9A0C0062C2A9 /* InfoPlist.strings */,
				D7BB0D8A13BB9A0C0062C2A9 /* NativeEarth-Prefix.pch */,
				D7BB0D8B13BB9A0C0062C2A9 /* main.m */,
			);
			name = "Supporting Files";
			sourceTree = "<group>";
		};
		D7BB0DAD13BB9CC30062C2A9 /* Utilities */ = {
			isa = PBXGroup;
			children = (
				D7BB0DD613BB9DEA0062C2A9 /* json-framework */,
				D70007CE15505D1200934C6F /* ZipArchive */,
				D78D04B713E1F78400C04A5E /* Constants.h */,
				D7BB0DB413BB9CC30062C2A9 /* Reachability.h */,
				D7BB0DB513BB9CC30062C2A9 /* Reachability.m */,
				D7BB0DB013BB9CC30062C2A9 /* KMLParser.h */,
				D7BB0DB113BB9CC30062C2A9 /* KMLParser.m */,
				D7A621F214857BC5006E7BC3 /* UIImage+Resizing.h */,
				D7A621F314857BC5006E7BC3 /* UIImage+Resizing.m */,
				D7973299153339E7006834D8 /* MKMapView+ZoomLevel.h */,
				D797329A153339E7006834D8 /* MKMapView+ZoomLevel.m */,
				D7922F00146B0424000D7344 /* ImageToDataTransformer.h */,
				D7922F01146B0426000D7344 /* ImageToDataTransformer.m */,
				D7DFB85C142A6E7600258875 /* Toast+UIView.m */,
				D7DFB85A142A6E6F00258875 /* Toast+UIView.h */,
				D7972E27140C000700454BE3 /* NSString+URLEncoding.m */,
				D7972E28140C000700454BE3 /* NSString+URLEncoding.h */,
				D7972E23140BFFF400454BE3 /* Geocoder.h */,
				D7972E25140BFFFC00454BE3 /* Geocoder.m */,
				D7BB0DB613BB9CC30062C2A9 /* ReverseGeocoder.h */,
				D7BB0DB713BB9CC30062C2A9 /* ReverseGeocoder.m */,
				D7BB0DB213BB9CC30062C2A9 /* LocationDetector.h */,
				D7BB0DB313BB9CC30062C2A9 /* LocationDetector.m */,
				D789BF7313D0B58600C1C9E8 /* NetworkDataGetter.h */,
				D789BF7413D0B58600C1C9E8 /* NetworkDataGetter.m */,
			);
			path = Utilities;
			sourceTree = "<group>";
		};
		D7BB0DC013BB9CEA0062C2A9 /* Model */ = {
			isa = PBXGroup;
			children = (
				D7BF7F4E156867F5007B6D30 /* Nation.h */,
				D7BF7F4F156867F5007B6D30 /* Nation.m */,
				D76291731549E86600AB2612 /* Greeting.h */,
				D76291741549E86600AB2612 /* Greeting.m */,
				D7D7ABA81506B19900BD3EBD /* PlannedVisit.h */,
				D7D7ABA91506B19900BD3EBD /* PlannedVisit.m */,
				D7D7ABA51506B19900BD3EBD /* Land.h */,
				D7D7ABA61506B19900BD3EBD /* Land.m */,
				D7D7AB9C1506B19800BD3EBD /* Map.h */,
				D7D7AB9D1506B19800BD3EBD /* Map.m */,
				D71CA1C613F2F12A0016C3CB /* Model.h */,
				D71CA1C713F2F12B0016C3CB /* Model.m */,
			);
			path = Model;
			sourceTree = "<group>";
		};
		D7BB0DC413BB9CF40062C2A9 /* MapAnnotation */ = {
			isa = PBXGroup;
			children = (
				D7BB0DC513BB9CF40062C2A9 /* CalloutMapAnnotationView.h */,
				D7BB0DC613BB9CF40062C2A9 /* CalloutMapAnnotationView.m */,
				D7BB0DC713BB9CF40062C2A9 /* DistrictCenterAnnotation.h */,
				D7BB0DC813BB9CF40062C2A9 /* DistrictCenterAnnotation.m */,
				D7BB0DC913BB9CF40062C2A9 /* DistrictCenterAnnotationView.h */,
				D7BB0DCA13BB9CF40062C2A9 /* DistrictCenterAnnotationView.m */,
				D7DA7B0113D72412009EEC0A /* DDAnnotation.h */,
				D7DA7B0213D72412009EEC0A /* DDAnnotation.m */,
			);
			path = MapAnnotation;
			sourceTree = "<group>";
		};
		D7BB0DD613BB9DEA0062C2A9 /* json-framework */ = {
			isa = PBXGroup;
			children = (
				D7BB0DD713BB9DEA0062C2A9 /* JSON.h */,
				D7BB0DD813BB9DEA0062C2A9 /* NSObject+SBJSON.h */,
				D7BB0DD913BB9DEA0062C2A9 /* NSObject+SBJSON.m */,
				D7BB0DDA13BB9DEA0062C2A9 /* NSString+SBJSON.h */,
				D7BB0DDB13BB9DEA0062C2A9 /* NSString+SBJSON.m */,
				D7BB0DDC13BB9DEA0062C2A9 /* SBJsonBase.h */,
				D7BB0DDD13BB9DEA0062C2A9 /* SBJsonBase.m */,
				D7BB0DDE13BB9DEA0062C2A9 /* SBJsonParser.h */,
				D7BB0DDF13BB9DEA0062C2A9 /* SBJsonParser.m */,
				D7BB0DE013BB9DEA0062C2A9 /* SBJsonWriter.h */,
				D7BB0DE113BB9DEA0062C2A9 /* SBJsonWriter.m */,
			);
			name = "json-framework";
			path = "../json-framework";
			sourceTree = "<group>";
		};
		D7BB0DE713BB9F530062C2A9 /* iPhone */ = {
			isa = PBXGroup;
			children = (
				D7A535B4148D49AA005F8CC5 /* CustomCells */,
				D77E0E2213BCCB2A00A738D8 /* Browse */,
				D7BB0DEF13BBA0440062C2A9 /* Launcher */,
				D7BB0DEE13BBA0440062C2A9 /* Locator */,
				D7BB0DEC13BBA0290062C2A9 /* VisitPlanner */,
				D7BB0DF313BBA1120062C2A9 /* NativeEarthAppDelegate_iPhone.m */,
				D7BB0DF413BBA1120062C2A9 /* NativeEarthAppDelegate_iPhone.h */,
				D7BB0DF613BBA22A0062C2A9 /* MainWindow_iPhone.xib */,
			);
			name = iPhone;
			sourceTree = "<group>";
		};
		D7BB0DEC13BBA0290062C2A9 /* VisitPlanner */ = {
			isa = PBXGroup;
			children = (
				D7A84F4813C4E7D00085E8C3 /* VisitPlannerRootViewController_iPhone.h */,
				D7A84F4913C4E7D00085E8C3 /* VisitPlannerRootViewController_iPhone.m */,
				D7A84F6F13C4F04A0085E8C3 /* EditAVisitViewController_iPhone.h */,
				D7A84F7013C4F04A0085E8C3 /* EditAVisitViewController_iPhone.m */,
				D785409A15676560002304DF /* EditAVisitViewController_iphone.xib */,
				D7C4B53C145F02250082F0FF /* ViewAVisitViewController_iPhone.h */,
				D7C4B53D145F02260082F0FF /* ViewAVisitViewController_iPhone.m */,
			);
			name = VisitPlanner;
			path = iphone/TripPlanner;
			sourceTree = "<group>";
		};
		D7BB0DEE13BBA0440062C2A9 /* Locator */ = {
			isa = PBXGroup;
			children = (
				D77E0E2113BCCB0A00A738D8 /* LocationInfo */,
				D7592EAD13BBC06A00F1D28C /* LocatorRootViewController_iPhone.h */,
				D7592EAE13BBC06A00F1D28C /* LocatorRootViewController_iPhone.m */,
			);
			name = Locator;
			path = iphone/Locator;
			sourceTree = "<group>";
		};
		D7BB0DEF13BBA0440062C2A9 /* Launcher */ = {
			isa = PBXGroup;
			children = (
				D7592E8513BBB2F700F1D28C /* LauncherViewController_iPhone.xib */,
				D77FB60913BBA8170088DA60 /* LauncherViewController_iPhone.h */,
				D77FB60A13BBA8170088DA60 /* LauncherViewController_iPhone.m */,
			);
			name = Launcher;
			path = iphone/Launcher;
			sourceTree = "<group>";
		};
/* End PBXGroup section */

/* Begin PBXNativeTarget section */
		D7BB0D7713BB9A0B0062C2A9 /* NativeEarth */ = {
			isa = PBXNativeTarget;
			buildConfigurationList = D7BB0D9813BB9A0C0062C2A9 /* Build configuration list for PBXNativeTarget "NativeEarth" */;
			buildPhases = (
				D7BB0D7413BB9A0B0062C2A9 /* Sources */,
				D7BB0D7513BB9A0B0062C2A9 /* Frameworks */,
				D7BB0D7613BB9A0B0062C2A9 /* Resources */,
			);
			buildRules = (
			);
			dependencies = (
			);
			name = NativeEarth;
			productName = NativeEarth;
			productReference = D7BB0D7813BB9A0B0062C2A9 /* NativeEarth.app */;
			productType = "com.apple.product-type.application";
		};
/* End PBXNativeTarget section */

/* Begin PBXProject section */
		D7BB0D6F13BB9A0B0062C2A9 /* Project object */ = {
			isa = PBXProject;
			buildConfigurationList = D7BB0D7213BB9A0B0062C2A9 /* Build configuration list for PBXProject "NativeEarth" */;
			compatibilityVersion = "Xcode 3.2";
			developmentRegion = English;
			hasScannedForEncodings = 0;
			knownRegions = (
				en,
				fr,
			);
			mainGroup = D7BB0D6D13BB9A0B0062C2A9;
			productRefGroup = D7BB0D7913BB9A0B0062C2A9 /* Products */;
			projectDirPath = "";
			projectRoot = "";
			targets = (
				D7BB0D7713BB9A0B0062C2A9 /* NativeEarth */,
			);
		};
/* End PBXProject section */

/* Begin PBXResourcesBuildPhase section */
		D7BB0D7613BB9A0B0062C2A9 /* Resources */ = {
			isa = PBXResourcesBuildPhase;
			buildActionMask = 2147483647;
			files = (
				D7BB0D8913BB9A0C0062C2A9 /* InfoPlist.strings in Resources */,
				D7BB0D9213BB9A0C0062C2A9 /* MainWindow.xib in Resources */,
				D7BB0DE913BB9F940062C2A9 /* InfoPlist.strings in Resources */,
				D7BB0DEB13BB9FA30062C2A9 /* MainWindow.xib in Resources */,
				D7BB0DF813BBA22A0062C2A9 /* MainWindow_iPhone.xib in Resources */,
				D7BB0DFA13BBA23E0062C2A9 /* MainWindow_iPhone.xib in Resources */,
				D77FB61013BBA8660088DA60 /* LauncherViewController_iPhone.xib in Resources */,
				D7592E8713BBB2F700F1D28C /* LauncherViewController_iPhone.xib in Resources */,
				D77E0E3413BCD38600A738D8 /* MapBrowserViewController_iPhone.xib in Resources */,
				D723152613C219B100DF3DF8 /* BrowseViewController_iPhone.xib in Resources */,
				D723153013C223E600DF3DF8 /* BrowseViewController_iPhone.xib in Resources */,
				D723153D13C2379D00DF3DF8 /* BrowseViewController_iPhone.xib in Resources */,
				D72157CA13C2497A00AF9AD0 /* AboutViewController_iPhone.xib in Resources */,
				D786015D13C65D93007EA5B0 /* Spotlight.png in Resources */,
				D7BC54D213C7A7E000542880 /* TextViewCell.xib in Resources */,
				D7003C1913CDEF1800587CD0 /* TextFieldCell_iPhone.xib in Resources */,
				D7E85FB513D4968900437CD7 /* 06-magnify.png in Resources */,
				D7E85FB613D4968900437CD7 /* icon_list.png in Resources */,
				D7E85FB713D4968900437CD7 /* icon_location.png in Resources */,
				D7E85FB813D4968900437CD7 /* icon_magnify.png in Resources */,
				D7E85FB913D4968900437CD7 /* icon_play.png in Resources */,
				D7E85FBA13D4968900437CD7 /* icon_settings.png in Resources */,
				D7E85FBB13D4968900437CD7 /* icon_settings2.png in Resources */,
				D7E85FBC13D4968900437CD7 /* magnify.png in Resources */,
				D7DA7B0E13D72442009EEC0A /* Pin.png in Resources */,
				D7DA7B0F13D72442009EEC0A /* PinDown1.png in Resources */,
				D7DA7B1013D72442009EEC0A /* PinDown2.png in Resources */,
				D7DA7B1113D72442009EEC0A /* PinDown3.png in Resources */,
				D7DA7B1213D72442009EEC0A /* PinFloating.png in Resources */,
				D7DA7B1313D72442009EEC0A /* PinShadow.png in Resources */,
				D7DA7B3013D72ED1009EEC0A /* MapLookUpViewController_iPhone.xib in Resources */,
				D7DA7B4213D76070009EEC0A /* 72-pin.png in Resources */,
				D7DA7B4413D760DF009EEC0A /* 01-refresh.png in Resources */,
				D7DA7B4613D763B1009EEC0A /* 193-location-arrow.png in Resources */,
				D7DA7B4813D763F0009EEC0A /* 02-redo.png in Resources */,
				D7972E4E140C15B000454BE3 /* GeopoliticalSearchViewController_iPhone.xib in Resources */,
				D7922ED814686135000D7344 /* turtle2.png in Resources */,
				D7922EDA14686B0E000D7344 /* list.png in Resources */,
				D7A621F01485786F006E7BC3 /* ScreenshotBrowser.xib in Resources */,
				D78DA275148C420F0022572A /* GreetingCell_iPhone.xib in Resources */,
				D78DA298148C4B210022572A /* arrowForwardPlay.png in Resources */,
				D7A4FFF3148E7CF30077C56C /* suitcase.png in Resources */,
				D760FC1514914B9600D7A281 /* icon_case.png in Resources */,
				D760FC1714914BC100D7A281 /* icon_forum.png in Resources */,
				D70007E21550AABE00934C6F /* NativeEarth.sqlite.zip in Resources */,
				D785409B15676560002304DF /* EditAVisitViewController_iphone.xib in Resources */,
				D78646781570871A00802690 /* Localizable.strings in Resources */,
			);
			runOnlyForDeploymentPostprocessing = 0;
		};
/* End PBXResourcesBuildPhase section */

/* Begin PBXSourcesBuildPhase section */
		D7BB0D7413BB9A0B0062C2A9 /* Sources */ = {
			isa = PBXSourcesBuildPhase;
			buildActionMask = 2147483647;
			files = (
				D7BB0D8C13BB9A0C0062C2A9 /* main.m in Sources */,
				D7BB0D8F13BB9A0C0062C2A9 /* NativeEarthAppDelegate.m in Sources */,
				D7BB0D9513BB9A0C0062C2A9 /* NativeEarth.xcdatamodeld in Sources */,
				D7BB0DBB13BB9CC30062C2A9 /* KMLParser.m in Sources */,
				D7BB0DBC13BB9CC30062C2A9 /* LocationDetector.m in Sources */,
				D7BB0DBD13BB9CC30062C2A9 /* Reachability.m in Sources */,
				D7BB0DBE13BB9CC30062C2A9 /* ReverseGeocoder.m in Sources */,
				D7BB0DCB13BB9CF40062C2A9 /* CalloutMapAnnotationView.m in Sources */,
				D7BB0DCC13BB9CF40062C2A9 /* DistrictCenterAnnotation.m in Sources */,
				D7BB0DCD13BB9CF40062C2A9 /* DistrictCenterAnnotationView.m in Sources */,
				D7BB0DE213BB9DEA0062C2A9 /* NSObject+SBJSON.m in Sources */,
				D7BB0DE313BB9DEA0062C2A9 /* NSString+SBJSON.m in Sources */,
				D7BB0DE413BB9DEA0062C2A9 /* SBJsonBase.m in Sources */,
				D7BB0DE513BB9DEA0062C2A9 /* SBJsonParser.m in Sources */,
				D7BB0DE613BB9DEA0062C2A9 /* SBJsonWriter.m in Sources */,
				D7BB0DF513BBA1120062C2A9 /* NativeEarthAppDelegate_iPhone.m in Sources */,
				D7BB0DFD13BBA3E40062C2A9 /* BaseViewController.m in Sources */,
				D77FB60C13BBA8170088DA60 /* LauncherViewController_iPhone.m in Sources */,
				D7592EAF13BBC06A00F1D28C /* LocatorRootViewController_iPhone.m in Sources */,
				D783B42613BCBD4300A5C05F /* BaseTableViewController.m in Sources */,
				D77E0E1013BCC34300A738D8 /* LocationInfoViewController_iPhone.m in Sources */,
				D77E0E3313BCD38600A738D8 /* MapBrowserViewController_iPhone.m in Sources */,
				D723152C13C221C500DF3DF8 /* BrowseViewController_iPhone.m in Sources */,
				D7A84F4B13C4E7D00085E8C3 /* VisitPlannerRootViewController_iPhone.m in Sources */,
				D7A84F7213C4F04B0085E8C3 /* EditAVisitViewController_iPhone.m in Sources */,
				D7BC54D013C7A21500542880 /* TextViewCell.m in Sources */,
				D7003C1613CDEEF000587CD0 /* TextFieldCell_iPhone.m in Sources */,
				D789BF7513D0B58600C1C9E8 /* NetworkDataGetter.m in Sources */,
				D7DA7B0513D72412009EEC0A /* DDAnnotation.m in Sources */,
				D7DA7B2F13D72ED1009EEC0A /* MapLookUpViewController_iPhone.m in Sources */,
				D78D045B13E046FB00C04A5E /* NationSelectViewController_iPhone.m in Sources */,
				D78D04B013E1D72200C04A5E /* WSLand.m in Sources */,
				D78D04B313E1D92200C04A5E /* WSGreeting.m in Sources */,
				D71CA1C813F2F12C0016C3CB /* Model.m in Sources */,
				D7972E26140BFFFC00454BE3 /* Geocoder.m in Sources */,
				D7972E29140C000700454BE3 /* NSString+URLEncoding.m in Sources */,
				D7972E4D140C15B000454BE3 /* GeopoliticalSearchViewController_iPhone.m in Sources */,
				D7DFB85D142A6E7600258875 /* Toast+UIView.m in Sources */,
				D7C4B53E145F02280082F0FF /* ViewAVisitViewController_iPhone.m in Sources */,
				D7922F02146B0429000D7344 /* ImageToDataTransformer.m in Sources */,
				D78E16DA1472CC9D00ED49E4 /* GreetingViewController_iPhone.m in Sources */,
				D7A621EB1485760D006E7BC3 /* ThumbImageView.m in Sources */,
				D7A621EE14857850006E7BC3 /* ScreenshotBrowser.m in Sources */,
				D7A621F414857BC7006E7BC3 /* UIImage+Resizing.m in Sources */,
				D7A621F714858FC9006E7BC3 /* TapDetectingImageView.m in Sources */,
				D78DA274148C420F0022572A /* GreetingCell_iPhone.m in Sources */,
				D7D7AB9E1506B19800BD3EBD /* Map.m in Sources */,
				D7D7ABA71506B19900BD3EBD /* Land.m in Sources */,
				D7D7ABAA1506B19900BD3EBD /* PlannedVisit.m in Sources */,
				D7D7ABB61506B44500BD3EBD /* ShortNation.m in Sources */,
				D7D7ABB91506C51800BD3EBD /* WSNation.m in Sources */,
				D784AB7715213654002FC873 /* LandsViewController_iPhone.m in Sources */,
				D797329B153339E7006834D8 /* MKMapView+ZoomLevel.m in Sources */,
				D76291751549E86700AB2612 /* Greeting.m in Sources */,
				D70007DB15505D1200934C6F /* ioapi.c in Sources */,
				D70007DC15505D1200934C6F /* mztools.c in Sources */,
				D70007DD15505D1200934C6F /* unzip.c in Sources */,
				D70007DE15505D1200934C6F /* zip.c in Sources */,
				D70007DF15505D1200934C6F /* ZipArchive.mm in Sources */,
				D7BF7F50156867F6007B6D30 /* Nation.m in Sources */,
			);
			runOnlyForDeploymentPostprocessing = 0;
		};
/* End PBXSourcesBuildPhase section */

/* Begin PBXVariantGroup section */
		D72157C813C2497A00AF9AD0 /* AboutViewController_iPhone.xib */ = {
			isa = PBXVariantGroup;
			children = (
			);
			name = AboutViewController_iPhone.xib;
			path = /Users/ladan/Desktop/NativeEarth/NativeEarth;
			sourceTree = "<absolute>";
		};
		D723152413C219B100DF3DF8 /* BrowseViewController_iPhone.xib */ = {
			isa = PBXVariantGroup;
			children = (
			);
			name = BrowseViewController_iPhone.xib;
			path = /Users/ladan/Desktop/NativeEarth/NativeEarth/iphone/Locator;
			sourceTree = "<absolute>";
		};
		D723152E13C223E500DF3DF8 /* BrowseViewController_iPhone.xib */ = {
			isa = PBXVariantGroup;
			children = (
			);
			name = BrowseViewController_iPhone.xib;
			path = /Users/ladan/Desktop/NativeEarth/NativeEarth/iphone/Locator;
			sourceTree = "<absolute>";
		};
		D7592E8513BBB2F700F1D28C /* LauncherViewController_iPhone.xib */ = {
			isa = PBXVariantGroup;
			children = (
				D7592E8613BBB2F700F1D28C /* en */,
				D7592E8813BBB31000F1D28C /* fr */,
			);
			name = LauncherViewController_iPhone.xib;
			sourceTree = "<group>";
		};
		D77FB60E13BBA8660088DA60 /* LauncherViewController_iPhone.xib */ = {
			isa = PBXVariantGroup;
			children = (
			);
			name = LauncherViewController_iPhone.xib;
			path = /Users/ladan/Desktop/NativeEarth/NativeEarth/iphone/Launcher;
			sourceTree = "<absolute>";
		};
		D78646761570871A00802690 /* Localizable.strings */ = {
			isa = PBXVariantGroup;
			children = (
				D78646771570871A00802690 /* en */,
				D78646791570871F00802690 /* fr */,
			);
			name = Localizable.strings;
			sourceTree = "<group>";
		};
		D7BB0D8713BB9A0C0062C2A9 /* InfoPlist.strings */ = {
			isa = PBXVariantGroup;
			children = (
				D7BB0D8813BB9A0C0062C2A9 /* en */,
				D7BB0DE813BB9F940062C2A9 /* fr */,
			);
			name = InfoPlist.strings;
			sourceTree = "<group>";
		};
		D7BB0D9013BB9A0C0062C2A9 /* MainWindow.xib */ = {
			isa = PBXVariantGroup;
			children = (
				D7BB0D9113BB9A0C0062C2A9 /* en */,
				D7BB0DEA13BB9FA30062C2A9 /* fr */,
			);
			name = MainWindow.xib;
			sourceTree = "<group>";
		};
		D7BB0DF613BBA22A0062C2A9 /* MainWindow_iPhone.xib */ = {
			isa = PBXVariantGroup;
			children = (
				D7BB0DF713BBA22A0062C2A9 /* en */,
				D7BB0DF913BBA23E0062C2A9 /* fr */,
			);
			name = MainWindow_iPhone.xib;
			sourceTree = "<group>";
		};
/* End PBXVariantGroup section */

/* Begin XCBuildConfiguration section */
		D7BB0D9613BB9A0C0062C2A9 /* Debug */ = {
			isa = XCBuildConfiguration;
			buildSettings = {
				ARCHS = "$(ARCHS_STANDARD_32_BIT)";
				"CODE_SIGN_IDENTITY[sdk=iphoneos*]" = "iPhone Developer";
				GCC_C_LANGUAGE_STANDARD = gnu99;
				GCC_OPTIMIZATION_LEVEL = 0;
				GCC_PREPROCESSOR_DEFINITIONS = DEBUG;
				GCC_SYMBOLS_PRIVATE_EXTERN = NO;
				GCC_VERSION = com.apple.compilers.llvmgcc42;
				GCC_WARN_ABOUT_RETURN_TYPE = YES;
				GCC_WARN_UNUSED_VARIABLE = YES;
				IPHONEOS_DEPLOYMENT_TARGET = 4.2;
				SDKROOT = iphoneos;
			};
			name = Debug;
		};
		D7BB0D9713BB9A0C0062C2A9 /* Release */ = {
			isa = XCBuildConfiguration;
			buildSettings = {
				ARCHS = "$(ARCHS_STANDARD_32_BIT)";
				"CODE_SIGN_IDENTITY[sdk=iphoneos*]" = "iPhone Developer";
				GCC_C_LANGUAGE_STANDARD = gnu99;
				GCC_VERSION = com.apple.compilers.llvmgcc42;
				GCC_WARN_ABOUT_RETURN_TYPE = YES;
				GCC_WARN_UNUSED_VARIABLE = YES;
				IPHONEOS_DEPLOYMENT_TARGET = 4.2;
				OTHER_CFLAGS = "-DNS_BLOCK_ASSERTIONS=1";
				SDKROOT = iphoneos;
			};
			name = Release;
		};
		D7BB0D9913BB9A0C0062C2A9 /* Debug */ = {
			isa = XCBuildConfiguration;
			buildSettings = {
				ALWAYS_SEARCH_USER_PATHS = NO;
				COPY_PHASE_STRIP = NO;
				GCC_DYNAMIC_NO_PIC = NO;
				GCC_PRECOMPILE_PREFIX_HEADER = YES;
				GCC_PREFIX_HEADER = "NativeEarth/NativeEarth-Prefix.pch";
				INFOPLIST_FILE = "NativeEarth/NativeEarth-Info.plist";
				PRODUCT_NAME = "$(TARGET_NAME)";
				WRAPPER_EXTENSION = app;
			};
			name = Debug;
		};
		D7BB0D9A13BB9A0C0062C2A9 /* Release */ = {
			isa = XCBuildConfiguration;
			buildSettings = {
				ALWAYS_SEARCH_USER_PATHS = NO;
				COPY_PHASE_STRIP = YES;
				GCC_PRECOMPILE_PREFIX_HEADER = YES;
				GCC_PREFIX_HEADER = "NativeEarth/NativeEarth-Prefix.pch";
				INFOPLIST_FILE = "NativeEarth/NativeEarth-Info.plist";
				PRODUCT_NAME = "$(TARGET_NAME)";
				VALIDATE_PRODUCT = YES;
				WRAPPER_EXTENSION = app;
			};
			name = Release;
		};
/* End XCBuildConfiguration section */

/* Begin XCConfigurationList section */
		D7BB0D7213BB9A0B0062C2A9 /* Build configuration list for PBXProject "NativeEarth" */ = {
			isa = XCConfigurationList;
			buildConfigurations = (
				D7BB0D9613BB9A0C0062C2A9 /* Debug */,
				D7BB0D9713BB9A0C0062C2A9 /* Release */,
			);
			defaultConfigurationIsVisible = 0;
			defaultConfigurationName = Release;
		};
		D7BB0D9813BB9A0C0062C2A9 /* Build configuration list for PBXNativeTarget "NativeEarth" */ = {
			isa = XCConfigurationList;
			buildConfigurations = (
				D7BB0D9913BB9A0C0062C2A9 /* Debug */,
				D7BB0D9A13BB9A0C0062C2A9 /* Release */,
			);
			defaultConfigurationIsVisible = 0;
			defaultConfigurationName = Release;
		};
/* End XCConfigurationList section */

/* Begin XCVersionGroup section */
		D7BB0D9313BB9A0C0062C2A9 /* NativeEarth.xcdatamodeld */ = {
			isa = XCVersionGroup;
			children = (
				D70007BC154F25CA00934C6F /* NativeEarth 2.xcdatamodel */,
				D7BB0D9413BB9A0C0062C2A9 /* NativeEarth.xcdatamodel */,
			);
			currentVersion = D7BB0D9413BB9A0C0062C2A9 /* NativeEarth.xcdatamodel */;
			path = NativeEarth.xcdatamodeld;
			sourceTree = "<group>";
			versionGroupType = wrapper.xcdatamodel;
		};
/* End XCVersionGroup section */
	};
	rootObject = D7BB0D6F13BB9A0B0062C2A9 /* Project object */;
}
